// !$*UTF8*$!
{
	archiveVersion = 1;
	classes = {
	};
	objectVersion = 46;
	objects = {

/* Begin PBXBuildFile section */
		A1122F201D23784E000FA862 /* element.cpp in Sources */ = {isa = PBXBuildFile; fileRef = A1122F1E1D23784E000FA862 /* element.cpp */; };
		A1122F211D23784E000FA862 /* element.h in Headers */ = {isa = PBXBuildFile; fileRef = A1122F1F1D23784E000FA862 /* element.h */; };
		A11A6B581E4FF15C000D7A4B /* elementdelegate.cpp in Sources */ = {isa = PBXBuildFile; fileRef = A11A6B571E4FF15C000D7A4B /* elementdelegate.cpp */; };
		A122FCB91F4A2DA3004C2610 /* osx-cocoa.cpp in Sources */ = {isa = PBXBuildFile; fileRef = A122FCB71F4A2DA3004C2610 /* osx-cocoa.cpp */; };
		A122FCBA1F4A2DA3004C2610 /* osx-cocoa.h in Headers */ = {isa = PBXBuildFile; fileRef = A122FCB81F4A2DA3004C2610 /* osx-cocoa.h */; };
		A122FCBF1F4A317B004C2610 /* cocoaelementdelegate.cpp in Sources */ = {isa = PBXBuildFile; fileRef = A122FCBB1F4A317B004C2610 /* cocoaelementdelegate.cpp */; };
		A122FCC01F4A317B004C2610 /* cocoaelementdelegate.h in Headers */ = {isa = PBXBuildFile; fileRef = A122FCBC1F4A317B004C2610 /* cocoaelementdelegate.h */; };
		A122FCC11F4A317B004C2610 /* cocoauidelegate.cpp in Sources */ = {isa = PBXBuildFile; fileRef = A122FCBD1F4A317B004C2610 /* cocoauidelegate.cpp */; };
		A122FCC21F4A317B004C2610 /* cocoauidelegate.h in Headers */ = {isa = PBXBuildFile; fileRef = A122FCBE1F4A317B004C2610 /* cocoauidelegate.h */; };
		A1230D121EEE246C0003D133 /* elementhandle.cpp in Sources */ = {isa = PBXBuildFile; fileRef = A1230D101EEE246C0003D133 /* elementhandle.cpp */; };
		A1230D131EEE246C0003D133 /* elementhandle.h in Headers */ = {isa = PBXBuildFile; fileRef = A1230D111EEE246C0003D133 /* elementhandle.h */; };
		A1256C8D1DFE1CC500AE4700 /* platform-linux.h in Headers */ = {isa = PBXBuildFile; fileRef = A1256C8A1DFE1CC500AE4700 /* platform-linux.h */; };
		A1256C8E1DFE1CC500AE4700 /* platform-posix.h in Headers */ = {isa = PBXBuildFile; fileRef = A1256C8B1DFE1CC500AE4700 /* platform-posix.h */; };
		A1256C8F1DFE1CC500AE4700 /* platform-apple.h in Headers */ = {isa = PBXBuildFile; fileRef = A1256C8C1DFE1CC500AE4700 /* platform-apple.h */; };
		A1256C951DFE349300AE4700 /* nativethread.h in Headers */ = {isa = PBXBuildFile; fileRef = A1256C911DFE349300AE4700 /* nativethread.h */; };
		A1256C961DFE349300AE4700 /* nativethread.cpp in Sources */ = {isa = PBXBuildFile; fileRef = A1256C921DFE349300AE4700 /* nativethread.cpp */; };
		A1256C971DFE349300AE4700 /* nativepluginloader.h in Headers */ = {isa = PBXBuildFile; fileRef = A1256C931DFE349300AE4700 /* nativepluginloader.h */; };
		A128D77C1FBBD1FE0096C7CC /* cocoatextentry.m in Sources */ = {isa = PBXBuildFile; fileRef = A128D77B1FBBD1FE0096C7CC /* cocoatextentry.m */; };
		A13C2DB71EB042B20016E9B3 /* dumbttyuidelegate.cpp in Sources */ = {isa = PBXBuildFile; fileRef = A13C2DB51EB042B20016E9B3 /* dumbttyuidelegate.cpp */; };
		A13C2DB81EB042B20016E9B3 /* dumbttyuidelegate.h in Headers */ = {isa = PBXBuildFile; fileRef = A13C2DB61EB042B20016E9B3 /* dumbttyuidelegate.h */; };
		A13CF6E91D1705590038665F /* operation.cpp in Sources */ = {isa = PBXBuildFile; fileRef = A13CF6E71D1705590038665F /* operation.cpp */; };
		A13CF6EA1D1705590038665F /* operation.h in Headers */ = {isa = PBXBuildFile; fileRef = A13CF6E81D1705590038665F /* operation.h */; };
		A13FE0AE1F5CFDFE002F2E80 /* uiaftbridge.mm in Sources */ = {isa = PBXBuildFile; fileRef = A13FE0AC1F5CFDFE002F2E80 /* uiaftbridge.mm */; };
		A13FE0AF1F5CFDFE002F2E80 /* uiaftbridge.h in Headers */ = {isa = PBXBuildFile; fileRef = A13FE0AD1F5CFDFE002F2E80 /* uiaftbridge.h */; };
		A14651911E919FC200C5BF04 /* uirequest.cpp in Sources */ = {isa = PBXBuildFile; fileRef = A146518F1E919FC200C5BF04 /* uirequest.cpp */; };
		A14651921E919FC200C5BF04 /* uirequest.h in Headers */ = {isa = PBXBuildFile; fileRef = A14651901E919FC200C5BF04 /* uirequest.h */; };
		A153D0C91CCC71F500000A15 /* aft.h in Headers */ = {isa = PBXBuildFile; fileRef = A153D0611CCC71F500000A15 /* aft.h */; };
		A153D0CA1CCC71F500000A15 /* blob.cpp in Sources */ = {isa = PBXBuildFile; fileRef = A153D0651CCC71F500000A15 /* blob.cpp */; };
		A153D0CB1CCC71F500000A15 /* blob.h in Headers */ = {isa = PBXBuildFile; fileRef = A153D0661CCC71F500000A15 /* blob.h */; };
		A153D0CC1CCC71F500000A15 /* callback.h in Headers */ = {isa = PBXBuildFile; fileRef = A153D0671CCC71F500000A15 /* callback.h */; };
		A153D0CD1CCC71F500000A15 /* command.cpp in Sources */ = {isa = PBXBuildFile; fileRef = A153D0681CCC71F500000A15 /* command.cpp */; };
		A153D0CE1CCC71F500000A15 /* command.h in Headers */ = {isa = PBXBuildFile; fileRef = A153D0691CCC71F500000A15 /* command.h */; };
		A153D0CF1CCC71F500000A15 /* consumer.cpp in Sources */ = {isa = PBXBuildFile; fileRef = A153D06A1CCC71F500000A15 /* consumer.cpp */; };
		A153D0D01CCC71F500000A15 /* consumer.h in Headers */ = {isa = PBXBuildFile; fileRef = A153D06B1CCC71F500000A15 /* consumer.h */; };
		A153D0D11CCC71F500000A15 /* context.cpp in Sources */ = {isa = PBXBuildFile; fileRef = A153D06C1CCC71F500000A15 /* context.cpp */; };
		A153D0D21CCC71F500000A15 /* context.h in Headers */ = {isa = PBXBuildFile; fileRef = A153D06D1CCC71F500000A15 /* context.h */; };
		A153D0D31CCC71F500000A15 /* factory.cpp in Sources */ = {isa = PBXBuildFile; fileRef = A153D06E1CCC71F500000A15 /* factory.cpp */; };
		A153D0D41CCC71F500000A15 /* factory.h in Headers */ = {isa = PBXBuildFile; fileRef = A153D06F1CCC71F500000A15 /* factory.h */; };
		A153D0D51CCC71F500000A15 /* hasher.cpp in Sources */ = {isa = PBXBuildFile; fileRef = A153D0701CCC71F500000A15 /* hasher.cpp */; };
		A153D0D61CCC71F500000A15 /* hasher.h in Headers */ = {isa = PBXBuildFile; fileRef = A153D0711CCC71F500000A15 /* hasher.h */; };
		A153D0D71CCC71F500000A15 /* iterator.h in Headers */ = {isa = PBXBuildFile; fileRef = A153D0721CCC71F500000A15 /* iterator.h */; };
		A153D0D91CCC71F500000A15 /* outlet.cpp in Sources */ = {isa = PBXBuildFile; fileRef = A153D0741CCC71F500000A15 /* outlet.cpp */; };
		A153D0DA1CCC71F500000A15 /* outlet.h in Headers */ = {isa = PBXBuildFile; fileRef = A153D0751CCC71F500000A15 /* outlet.h */; };
		A153D0DB1CCC71F500000A15 /* plugin.cpp in Sources */ = {isa = PBXBuildFile; fileRef = A153D0761CCC71F500000A15 /* plugin.cpp */; };
		A153D0DC1CCC71F500000A15 /* plugin.h in Headers */ = {isa = PBXBuildFile; fileRef = A153D0771CCC71F500000A15 /* plugin.h */; };
		A153D0DD1CCC71F500000A15 /* producer.cpp in Sources */ = {isa = PBXBuildFile; fileRef = A153D0781CCC71F500000A15 /* producer.cpp */; };
		A153D0DE1CCC71F500000A15 /* producer.h in Headers */ = {isa = PBXBuildFile; fileRef = A153D0791CCC71F500000A15 /* producer.h */; };
		A153D0DF1CCC71F500000A15 /* producttype.h in Headers */ = {isa = PBXBuildFile; fileRef = A153D07A1CCC71F500000A15 /* producttype.h */; };
		A153D0E01CCC71F500000A15 /* propertyhandler.cpp in Sources */ = {isa = PBXBuildFile; fileRef = A153D07B1CCC71F500000A15 /* propertyhandler.cpp */; };
		A153D0E11CCC71F500000A15 /* propertyhandler.h in Headers */ = {isa = PBXBuildFile; fileRef = A153D07C1CCC71F500000A15 /* propertyhandler.h */; };
		A153D0E21CCC71F500000A15 /* result.cpp in Sources */ = {isa = PBXBuildFile; fileRef = A153D07D1CCC71F500000A15 /* result.cpp */; };
		A153D0E31CCC71F500000A15 /* result.h in Headers */ = {isa = PBXBuildFile; fileRef = A153D07E1CCC71F500000A15 /* result.h */; };
		A153D0E41CCC71F500000A15 /* serialize.h in Headers */ = {isa = PBXBuildFile; fileRef = A153D07F1CCC71F500000A15 /* serialize.h */; };
		A153D0E51CCC71F500000A15 /* structureddata.cpp in Sources */ = {isa = PBXBuildFile; fileRef = A153D0801CCC71F500000A15 /* structureddata.cpp */; };
		A153D0E61CCC71F500000A15 /* structureddata.h in Headers */ = {isa = PBXBuildFile; fileRef = A153D0811CCC71F500000A15 /* structureddata.h */; };
		A153D0E71CCC71F500000A15 /* thread.cpp in Sources */ = {isa = PBXBuildFile; fileRef = A153D0821CCC71F500000A15 /* thread.cpp */; };
		A153D0E81CCC71F500000A15 /* thread.h in Headers */ = {isa = PBXBuildFile; fileRef = A153D0831CCC71F500000A15 /* thread.h */; };
		A153D0EA1CCC71F500000A15 /* tobasictypes.h in Headers */ = {isa = PBXBuildFile; fileRef = A153D0851CCC71F500000A15 /* tobasictypes.h */; };
		A153D0EB1CCC71F500000A15 /* tobject.cpp in Sources */ = {isa = PBXBuildFile; fileRef = A153D0861CCC71F500000A15 /* tobject.cpp */; };
		A153D0EC1CCC71F500000A15 /* tobject.h in Headers */ = {isa = PBXBuildFile; fileRef = A153D0871CCC71F500000A15 /* tobject.h */; };
		A153D0ED1CCC71F500000A15 /* tobjectiterator.cpp in Sources */ = {isa = PBXBuildFile; fileRef = A153D0881CCC71F500000A15 /* tobjectiterator.cpp */; };
		A153D0EE1CCC71F500000A15 /* tobjectiterator.h in Headers */ = {isa = PBXBuildFile; fileRef = A153D0891CCC71F500000A15 /* tobjectiterator.h */; };
		A153D0EF1CCC71F500000A15 /* tobjecttree.h in Headers */ = {isa = PBXBuildFile; fileRef = A153D08A1CCC71F500000A15 /* tobjecttree.h */; };
		A153D0F01CCC71F500000A15 /* tree.h in Headers */ = {isa = PBXBuildFile; fileRef = A153D08B1CCC71F500000A15 /* tree.h */; };
		A153D0F11CCC71F500000A15 /* visitor.h in Headers */ = {isa = PBXBuildFile; fileRef = A153D08C1CCC71F500000A15 /* visitor.h */; };
		A153D0F21CCC71F500000A15 /* basiccommands.cpp in Sources */ = {isa = PBXBuildFile; fileRef = A153D0901CCC71F500000A15 /* basiccommands.cpp */; };
		A153D0F31CCC71F500000A15 /* basiccommands.h in Headers */ = {isa = PBXBuildFile; fileRef = A153D0911CCC71F500000A15 /* basiccommands.h */; };
		A153D0F41CCC71F500000A15 /* basicfactory.cpp in Sources */ = {isa = PBXBuildFile; fileRef = A153D0921CCC71F500000A15 /* basicfactory.cpp */; };
		A153D0F51CCC71F500000A15 /* basicfactory.h in Headers */ = {isa = PBXBuildFile; fileRef = A153D0931CCC71F500000A15 /* basicfactory.h */; };
		A153D0F61CCC71F500000A15 /* commandcontext.cpp in Sources */ = {isa = PBXBuildFile; fileRef = A153D0941CCC71F500000A15 /* commandcontext.cpp */; };
		A153D0F71CCC71F500000A15 /* commandcontext.h in Headers */ = {isa = PBXBuildFile; fileRef = A153D0951CCC71F500000A15 /* commandcontext.h */; };
		A153D0F81CCC71F500000A15 /* fileconsumer.cpp in Sources */ = {isa = PBXBuildFile; fileRef = A153D0961CCC71F500000A15 /* fileconsumer.cpp */; };
		A153D0F91CCC71F500000A15 /* fileconsumer.h in Headers */ = {isa = PBXBuildFile; fileRef = A153D0971CCC71F500000A15 /* fileconsumer.h */; };
		A153D0FA1CCC71F500000A15 /* fileproducer.cpp in Sources */ = {isa = PBXBuildFile; fileRef = A153D0981CCC71F500000A15 /* fileproducer.cpp */; };
		A153D0FB1CCC71F500000A15 /* fileproducer.h in Headers */ = {isa = PBXBuildFile; fileRef = A153D0991CCC71F500000A15 /* fileproducer.h */; };
		A153D0FC1CCC71F500000A15 /* logger.cpp in Sources */ = {isa = PBXBuildFile; fileRef = A153D09A1CCC71F500000A15 /* logger.cpp */; };
		A153D0FD1CCC71F500000A15 /* logger.h in Headers */ = {isa = PBXBuildFile; fileRef = A153D09B1CCC71F500000A15 /* logger.h */; };
		A153D0FE1CCC71F500000A15 /* loghandler.cpp in Sources */ = {isa = PBXBuildFile; fileRef = A153D09C1CCC71F500000A15 /* loghandler.cpp */; };
		A153D0FF1CCC71F500000A15 /* loghandler.h in Headers */ = {isa = PBXBuildFile; fileRef = A153D09D1CCC71F500000A15 /* loghandler.h */; };
		A153D1011CCC71F500000A15 /* queueproc.cpp in Sources */ = {isa = PBXBuildFile; fileRef = A153D09F1CCC71F500000A15 /* queueproc.cpp */; };
		A153D1021CCC71F500000A15 /* queueproc.h in Headers */ = {isa = PBXBuildFile; fileRef = A153D0A01CCC71F500000A15 /* queueproc.h */; };
		A153D1031CCC71F500000A15 /* runcontext.cpp in Sources */ = {isa = PBXBuildFile; fileRef = A153D0A11CCC71F500000A15 /* runcontext.cpp */; };
		A153D1041CCC71F500000A15 /* runcontext.h in Headers */ = {isa = PBXBuildFile; fileRef = A153D0A21CCC71F500000A15 /* runcontext.h */; };
		A153D1051CCC71F500000A15 /* stringconsumer.cpp in Sources */ = {isa = PBXBuildFile; fileRef = A153D0A31CCC71F500000A15 /* stringconsumer.cpp */; };
		A153D1061CCC71F500000A15 /* stringconsumer.h in Headers */ = {isa = PBXBuildFile; fileRef = A153D0A41CCC71F500000A15 /* stringconsumer.h */; };
		A153D1071CCC71F500000A15 /* stringproducer.cpp in Sources */ = {isa = PBXBuildFile; fileRef = A153D0A51CCC71F500000A15 /* stringproducer.cpp */; };
		A153D1081CCC71F500000A15 /* stringproducer.h in Headers */ = {isa = PBXBuildFile; fileRef = A153D0A61CCC71F500000A15 /* stringproducer.h */; };
		A153D1091CCC71F500000A15 /* testcase.cpp in Sources */ = {isa = PBXBuildFile; fileRef = A153D0A71CCC71F500000A15 /* testcase.cpp */; };
		A153D10A1CCC71F500000A15 /* testcase.h in Headers */ = {isa = PBXBuildFile; fileRef = A153D0A81CCC71F500000A15 /* testcase.h */; };
		A153D10B1CCC71F500000A15 /* testsuite.cpp in Sources */ = {isa = PBXBuildFile; fileRef = A153D0A91CCC71F500000A15 /* testsuite.cpp */; };
		A153D10C1CCC71F500000A15 /* testsuite.h in Headers */ = {isa = PBXBuildFile; fileRef = A153D0AA1CCC71F500000A15 /* testsuite.h */; };
		A153D10D1CCC71F500000A15 /* json-forwards.h in Headers */ = {isa = PBXBuildFile; fileRef = A153D0AD1CCC71F500000A15 /* json-forwards.h */; };
		A153D10E1CCC71F500000A15 /* json.h in Headers */ = {isa = PBXBuildFile; fileRef = A153D0AE1CCC71F500000A15 /* json.h */; };
		A153D10F1CCC71F500000A15 /* jsoncpp.cpp in Sources */ = {isa = PBXBuildFile; fileRef = A153D0AF1CCC71F500000A15 /* jsoncpp.cpp */; };
		A153D1131CCC71F500000A15 /* platform.h in Headers */ = {isa = PBXBuildFile; fileRef = A153D0B41CCC71F500000A15 /* platform.h */; };
		A153D1151CCC71F500000A15 /* posixpluginloader.cpp in Sources */ = {isa = PBXBuildFile; fileRef = A153D0B91CCC71F500000A15 /* posixpluginloader.cpp */; };
		A153D1161CCC71F500000A15 /* posixpluginloader.h in Headers */ = {isa = PBXBuildFile; fileRef = A153D0BA1CCC71F500000A15 /* posixpluginloader.h */; };
		A153D1181CCC71F500000A15 /* posixthread.h in Headers */ = {isa = PBXBuildFile; fileRef = A153D0BC1CCC71F500000A15 /* posixthread.h */; };
		A153D11A1CCC71F500000A15 /* sample_plugin.cpp in Sources */ = {isa = PBXBuildFile; fileRef = A153D0C11CCC71F500000A15 /* sample_plugin.cpp */; };
		A153D11B1CCC71F500000A15 /* t_basetests.cpp in Sources */ = {isa = PBXBuildFile; fileRef = A153D0C21CCC71F500000A15 /* t_basetests.cpp */; };
		A153D11C1CCC71F500000A15 /* t_coretests.cpp in Sources */ = {isa = PBXBuildFile; fileRef = A153D0C31CCC71F500000A15 /* t_coretests.cpp */; };
		A153D11D1CCC71F500000A15 /* t_logger.cpp in Sources */ = {isa = PBXBuildFile; fileRef = A153D0C41CCC71F500000A15 /* t_logger.cpp */; };
		A153D11E1CCC71F500000A15 /* t_osdep.cpp in Sources */ = {isa = PBXBuildFile; fileRef = A153D0C51CCC71F500000A15 /* t_osdep.cpp */; };
		A153D11F1CCC71F500000A15 /* t_plugin.cpp in Sources */ = {isa = PBXBuildFile; fileRef = A153D0C61CCC71F500000A15 /* t_plugin.cpp */; };
		A153D1201CCC71F500000A15 /* t_result.cpp in Sources */ = {isa = PBXBuildFile; fileRef = A153D0C71CCC71F500000A15 /* t_result.cpp */; };
		A153D1211CCC71F500000A15 /* t_testsuite.cpp in Sources */ = {isa = PBXBuildFile; fileRef = A153D0C81CCC71F500000A15 /* t_testsuite.cpp */; };
		A153D1241CCD89D200000A15 /* proc.cpp in Sources */ = {isa = PBXBuildFile; fileRef = A153D1221CCD89D200000A15 /* proc.cpp */; };
		A153D1251CCD89D200000A15 /* proc.h in Headers */ = {isa = PBXBuildFile; fileRef = A153D1231CCD89D200000A15 /* proc.h */; };
		A153D1281CD05F8400000A15 /* entity.cpp in Sources */ = {isa = PBXBuildFile; fileRef = A153D1261CD05F8400000A15 /* entity.cpp */; };
		A153D1291CD05F8400000A15 /* entity.h in Headers */ = {isa = PBXBuildFile; fileRef = A153D1271CD05F8400000A15 /* entity.h */; };
		A15745771E1AF6FF00265D4D /* t_ui.cpp in Sources */ = {isa = PBXBuildFile; fileRef = A15745761E1AF6FF00265D4D /* t_ui.cpp */; };
		A16390811D038A2A00036620 /* tobasictypes.cpp in Sources */ = {isa = PBXBuildFile; fileRef = A16390801D038A2A00036620 /* tobasictypes.cpp */; };
		A16390841D03D75800036620 /* structureddataname.cpp in Sources */ = {isa = PBXBuildFile; fileRef = A16390821D03D75800036620 /* structureddataname.cpp */; };
		A16390851D03D75800036620 /* structureddataname.h in Headers */ = {isa = PBXBuildFile; fileRef = A16390831D03D75800036620 /* structureddataname.h */; };
		A172903D1EB44909001454A0 /* dumbttyelementdelegate.cpp in Sources */ = {isa = PBXBuildFile; fileRef = A172903B1EB44909001454A0 /* dumbttyelementdelegate.cpp */; };
		A172903E1EB44909001454A0 /* dumbttyelementdelegate.h in Headers */ = {isa = PBXBuildFile; fileRef = A172903C1EB44909001454A0 /* dumbttyelementdelegate.h */; };
		A18F4D541CD442F600C755FA /* tobjecttype.cpp in Sources */ = {isa = PBXBuildFile; fileRef = A18F4D521CD442F600C755FA /* tobjecttype.cpp */; };
		A18F4D551CD442F600C755FA /* tobjecttype.h in Headers */ = {isa = PBXBuildFile; fileRef = A18F4D531CD442F600C755FA /* tobjecttype.h */; };
		A19725321E2B313C006389B0 /* uifacet.h in Headers */ = {isa = PBXBuildFile; fileRef = A19725311E2B313C006389B0 /* uifacet.h */; };
		A19725341E2B3188006389B0 /* uifacet.cpp in Sources */ = {isa = PBXBuildFile; fileRef = A19725331E2B3188006389B0 /* uifacet.cpp */; };
		A1BCB6301D27053A0082BB87 /* uidelegate.h in Headers */ = {isa = PBXBuildFile; fileRef = A1BCB62E1D27053A0082BB87 /* uidelegate.h */; };
		A1BCB6461D2B586E0082BB87 /* uicommand.cpp in Sources */ = {isa = PBXBuildFile; fileRef = A1BCB6441D2B586E0082BB87 /* uicommand.cpp */; };
		A1BCB6471D2B586E0082BB87 /* uicommand.h in Headers */ = {isa = PBXBuildFile; fileRef = A1BCB6451D2B586E0082BB87 /* uicommand.h */; };
		A1BCB64A1D2B5ADC0082BB87 /* basicelements.cpp in Sources */ = {isa = PBXBuildFile; fileRef = A1BCB6481D2B5ADC0082BB87 /* basicelements.cpp */; };
		A1BCB64B1D2B5ADC0082BB87 /* basicelements.h in Headers */ = {isa = PBXBuildFile; fileRef = A1BCB6491D2B5ADC0082BB87 /* basicelements.h */; };
		A1CC710C1E86E29500BD0946 /* t_uiblocking.cpp in Sources */ = {isa = PBXBuildFile; fileRef = A1CC710B1E86E29500BD0946 /* t_uiblocking.cpp */; };
		A1CC710E1E86EEB000BD0946 /* uidelegate.cpp in Sources */ = {isa = PBXBuildFile; fileRef = A1CC710D1E86EEB000BD0946 /* uidelegate.cpp */; };
		A1F2AFBC1D036BD5009FE595 /* ui.cpp in Sources */ = {isa = PBXBuildFile; fileRef = A1F2AFBA1D036BD5009FE595 /* ui.cpp */; };
		A1F2AFBD1D036BD5009FE595 /* ui.h in Headers */ = {isa = PBXBuildFile; fileRef = A1F2AFBB1D036BD5009FE595 /* ui.h */; };
		A1F9919A1CF1488A00EF3D66 /* tobjecttree.cpp in Sources */ = {isa = PBXBuildFile; fileRef = A1F991991CF1488A00EF3D66 /* tobjecttree.cpp */; };
/* End PBXBuildFile section */

/* Begin PBXFileReference section */
		A1122F1E1D23784E000FA862 /* element.cpp */ = {isa = PBXFileReference; fileEncoding = 4; lastKnownFileType = sourcecode.cpp.cpp; name = element.cpp; path = ../../src/ui/element.cpp; sourceTree = "<group>"; };
		A1122F1F1D23784E000FA862 /* element.h */ = {isa = PBXFileReference; fileEncoding = 4; lastKnownFileType = sourcecode.c.h; name = element.h; path = ../../src/ui/element.h; sourceTree = "<group>"; };
		A11A6B571E4FF15C000D7A4B /* elementdelegate.cpp */ = {isa = PBXFileReference; fileEncoding = 4; lastKnownFileType = sourcecode.cpp.cpp; name = elementdelegate.cpp; path = ../../src/ui/elementdelegate.cpp; sourceTree = "<group>"; };
		A122FCB71F4A2DA3004C2610 /* osx-cocoa.cpp */ = {isa = PBXFileReference; fileEncoding = 4; lastKnownFileType = sourcecode.cpp.cpp; name = "osx-cocoa.cpp"; path = "ui/osx-cocoa.cpp"; sourceTree = "<group>"; };
		A122FCB81F4A2DA3004C2610 /* osx-cocoa.h */ = {isa = PBXFileReference; fileEncoding = 4; lastKnownFileType = sourcecode.c.h; name = "osx-cocoa.h"; path = "ui/osx-cocoa.h"; sourceTree = "<group>"; };
		A122FCBB1F4A317B004C2610 /* cocoaelementdelegate.cpp */ = {isa = PBXFileReference; fileEncoding = 4; lastKnownFileType = sourcecode.cpp.cpp; name = cocoaelementdelegate.cpp; path = ui/cocoaelementdelegate.cpp; sourceTree = "<group>"; };
		A122FCBC1F4A317B004C2610 /* cocoaelementdelegate.h */ = {isa = PBXFileReference; fileEncoding = 4; lastKnownFileType = sourcecode.c.h; name = cocoaelementdelegate.h; path = ui/cocoaelementdelegate.h; sourceTree = "<group>"; };
		A122FCBD1F4A317B004C2610 /* cocoauidelegate.cpp */ = {isa = PBXFileReference; fileEncoding = 4; lastKnownFileType = sourcecode.cpp.cpp; name = cocoauidelegate.cpp; path = ui/cocoauidelegate.cpp; sourceTree = "<group>"; };
		A122FCBE1F4A317B004C2610 /* cocoauidelegate.h */ = {isa = PBXFileReference; fileEncoding = 4; lastKnownFileType = sourcecode.c.h; name = cocoauidelegate.h; path = ui/cocoauidelegate.h; sourceTree = "<group>"; };
		A1230D101EEE246C0003D133 /* elementhandle.cpp */ = {isa = PBXFileReference; fileEncoding = 4; lastKnownFileType = sourcecode.cpp.cpp; name = elementhandle.cpp; path = ../../src/ui/elementhandle.cpp; sourceTree = "<group>"; };
		A1230D111EEE246C0003D133 /* elementhandle.h */ = {isa = PBXFileReference; fileEncoding = 4; lastKnownFileType = sourcecode.c.h; name = elementhandle.h; path = ../../src/ui/elementhandle.h; sourceTree = "<group>"; };
		A1256C8A1DFE1CC500AE4700 /* platform-linux.h */ = {isa = PBXFileReference; fileEncoding = 4; lastKnownFileType = sourcecode.c.h; path = "platform-linux.h"; sourceTree = "<group>"; };
		A1256C8B1DFE1CC500AE4700 /* platform-posix.h */ = {isa = PBXFileReference; fileEncoding = 4; lastKnownFileType = sourcecode.c.h; path = "platform-posix.h"; sourceTree = "<group>"; };
		A1256C8C1DFE1CC500AE4700 /* platform-apple.h */ = {isa = PBXFileReference; fileEncoding = 4; lastKnownFileType = sourcecode.c.h; path = "platform-apple.h"; sourceTree = "<group>"; };
		A1256C911DFE349300AE4700 /* nativethread.h */ = {isa = PBXFileReference; fileEncoding = 4; lastKnownFileType = sourcecode.c.h; name = nativethread.h; path = native/nativethread.h; sourceTree = "<group>"; };
		A1256C921DFE349300AE4700 /* nativethread.cpp */ = {isa = PBXFileReference; fileEncoding = 4; lastKnownFileType = sourcecode.cpp.cpp; name = nativethread.cpp; path = native/nativethread.cpp; sourceTree = "<group>"; };
		A1256C931DFE349300AE4700 /* nativepluginloader.h */ = {isa = PBXFileReference; fileEncoding = 4; lastKnownFileType = sourcecode.c.h; name = nativepluginloader.h; path = native/nativepluginloader.h; sourceTree = "<group>"; };
		A1256C941DFE349300AE4700 /* nativepluginloader.cpp */ = {isa = PBXFileReference; fileEncoding = 4; lastKnownFileType = sourcecode.cpp.cpp; name = nativepluginloader.cpp; path = native/nativepluginloader.cpp; sourceTree = "<group>"; };
		A128D77B1FBBD1FE0096C7CC /* cocoatextentry.m */ = {isa = PBXFileReference; fileEncoding = 4; lastKnownFileType = sourcecode.c.objc; path = cocoatextentry.m; sourceTree = "<group>"; };
		A128D77D1FBBD2590096C7CC /* cocoatextentry.h */ = {isa = PBXFileReference; lastKnownFileType = sourcecode.c.h; name = cocoatextentry.h; path = ui/cocoatextentry.h; sourceTree = "<group>"; };
		A13C2DB51EB042B20016E9B3 /* dumbttyuidelegate.cpp */ = {isa = PBXFileReference; fileEncoding = 4; lastKnownFileType = sourcecode.cpp.cpp; name = dumbttyuidelegate.cpp; path = ../../src/ui/dumbttyuidelegate.cpp; sourceTree = "<group>"; };
		A13C2DB61EB042B20016E9B3 /* dumbttyuidelegate.h */ = {isa = PBXFileReference; fileEncoding = 4; lastKnownFileType = sourcecode.c.h; name = dumbttyuidelegate.h; path = ../../src/ui/dumbttyuidelegate.h; sourceTree = "<group>"; };
		A13CF6E71D1705590038665F /* operation.cpp */ = {isa = PBXFileReference; fileEncoding = 4; lastKnownFileType = sourcecode.cpp.cpp; path = operation.cpp; sourceTree = "<group>"; };
		A13CF6E81D1705590038665F /* operation.h */ = {isa = PBXFileReference; fileEncoding = 4; lastKnownFileType = sourcecode.c.h; path = operation.h; sourceTree = "<group>"; };
		A13FE0AC1F5CFDFE002F2E80 /* uiaftbridge.mm */ = {isa = PBXFileReference; fileEncoding = 4; lastKnownFileType = sourcecode.cpp.objcpp; name = uiaftbridge.mm; path = ui/uiaftbridge.mm; sourceTree = "<group>"; };
		A13FE0AD1F5CFDFE002F2E80 /* uiaftbridge.h */ = {isa = PBXFileReference; fileEncoding = 4; lastKnownFileType = sourcecode.c.h; name = uiaftbridge.h; path = ui/uiaftbridge.h; sourceTree = "<group>"; };
		A146518F1E919FC200C5BF04 /* uirequest.cpp */ = {isa = PBXFileReference; fileEncoding = 4; lastKnownFileType = sourcecode.cpp.cpp; name = uirequest.cpp; path = ../../src/ui/uirequest.cpp; sourceTree = "<group>"; };
		A14651901E919FC200C5BF04 /* uirequest.h */ = {isa = PBXFileReference; fileEncoding = 4; lastKnownFileType = sourcecode.c.h; name = uirequest.h; path = ../../src/ui/uirequest.h; sourceTree = "<group>"; };
		A153D0611CCC71F500000A15 /* aft.h */ = {isa = PBXFileReference; fileEncoding = 4; lastKnownFileType = sourcecode.c.h; name = aft.h; path = ../../src/aft.h; sourceTree = "<group>"; };
		A153D0651CCC71F500000A15 /* blob.cpp */ = {isa = PBXFileReference; fileEncoding = 4; lastKnownFileType = sourcecode.cpp.cpp; path = blob.cpp; sourceTree = "<group>"; };
		A153D0661CCC71F500000A15 /* blob.h */ = {isa = PBXFileReference; fileEncoding = 4; lastKnownFileType = sourcecode.c.h; path = blob.h; sourceTree = "<group>"; };
		A153D0671CCC71F500000A15 /* callback.h */ = {isa = PBXFileReference; fileEncoding = 4; lastKnownFileType = sourcecode.c.h; path = callback.h; sourceTree = "<group>"; };
		A153D0681CCC71F500000A15 /* command.cpp */ = {isa = PBXFileReference; fileEncoding = 4; lastKnownFileType = sourcecode.cpp.cpp; path = command.cpp; sourceTree = "<group>"; };
		A153D0691CCC71F500000A15 /* command.h */ = {isa = PBXFileReference; fileEncoding = 4; lastKnownFileType = sourcecode.c.h; path = command.h; sourceTree = "<group>"; };
		A153D06A1CCC71F500000A15 /* consumer.cpp */ = {isa = PBXFileReference; fileEncoding = 4; lastKnownFileType = sourcecode.cpp.cpp; path = consumer.cpp; sourceTree = "<group>"; };
		A153D06B1CCC71F500000A15 /* consumer.h */ = {isa = PBXFileReference; fileEncoding = 4; lastKnownFileType = sourcecode.c.h; path = consumer.h; sourceTree = "<group>"; };
		A153D06C1CCC71F500000A15 /* context.cpp */ = {isa = PBXFileReference; fileEncoding = 4; lastKnownFileType = sourcecode.cpp.cpp; path = context.cpp; sourceTree = "<group>"; };
		A153D06D1CCC71F500000A15 /* context.h */ = {isa = PBXFileReference; fileEncoding = 4; lastKnownFileType = sourcecode.c.h; path = context.h; sourceTree = "<group>"; };
		A153D06E1CCC71F500000A15 /* factory.cpp */ = {isa = PBXFileReference; fileEncoding = 4; lastKnownFileType = sourcecode.cpp.cpp; path = factory.cpp; sourceTree = "<group>"; };
		A153D06F1CCC71F500000A15 /* factory.h */ = {isa = PBXFileReference; fileEncoding = 4; lastKnownFileType = sourcecode.c.h; path = factory.h; sourceTree = "<group>"; };
		A153D0701CCC71F500000A15 /* hasher.cpp */ = {isa = PBXFileReference; fileEncoding = 4; lastKnownFileType = sourcecode.cpp.cpp; path = hasher.cpp; sourceTree = "<group>"; };
		A153D0711CCC71F500000A15 /* hasher.h */ = {isa = PBXFileReference; fileEncoding = 4; lastKnownFileType = sourcecode.c.h; path = hasher.h; sourceTree = "<group>"; };
		A153D0721CCC71F500000A15 /* iterator.h */ = {isa = PBXFileReference; fileEncoding = 4; lastKnownFileType = sourcecode.c.h; path = iterator.h; sourceTree = "<group>"; };
		A153D0731CCC71F500000A15 /* Makefile */ = {isa = PBXFileReference; fileEncoding = 4; lastKnownFileType = sourcecode.make; path = Makefile; sourceTree = "<group>"; };
		A153D0741CCC71F500000A15 /* outlet.cpp */ = {isa = PBXFileReference; fileEncoding = 4; lastKnownFileType = sourcecode.cpp.cpp; path = outlet.cpp; sourceTree = "<group>"; };
		A153D0751CCC71F500000A15 /* outlet.h */ = {isa = PBXFileReference; fileEncoding = 4; lastKnownFileType = sourcecode.c.h; path = outlet.h; sourceTree = "<group>"; };
		A153D0761CCC71F500000A15 /* plugin.cpp */ = {isa = PBXFileReference; fileEncoding = 4; lastKnownFileType = sourcecode.cpp.cpp; path = plugin.cpp; sourceTree = "<group>"; };
		A153D0771CCC71F500000A15 /* plugin.h */ = {isa = PBXFileReference; fileEncoding = 4; lastKnownFileType = sourcecode.c.h; path = plugin.h; sourceTree = "<group>"; };
		A153D0781CCC71F500000A15 /* producer.cpp */ = {isa = PBXFileReference; fileEncoding = 4; lastKnownFileType = sourcecode.cpp.cpp; path = producer.cpp; sourceTree = "<group>"; };
		A153D0791CCC71F500000A15 /* producer.h */ = {isa = PBXFileReference; fileEncoding = 4; lastKnownFileType = sourcecode.c.h; path = producer.h; sourceTree = "<group>"; };
		A153D07A1CCC71F500000A15 /* producttype.h */ = {isa = PBXFileReference; fileEncoding = 4; lastKnownFileType = sourcecode.c.h; path = producttype.h; sourceTree = "<group>"; };
		A153D07B1CCC71F500000A15 /* propertyhandler.cpp */ = {isa = PBXFileReference; fileEncoding = 4; lastKnownFileType = sourcecode.cpp.cpp; path = propertyhandler.cpp; sourceTree = "<group>"; };
		A153D07C1CCC71F500000A15 /* propertyhandler.h */ = {isa = PBXFileReference; fileEncoding = 4; lastKnownFileType = sourcecode.c.h; path = propertyhandler.h; sourceTree = "<group>"; };
		A153D07D1CCC71F500000A15 /* result.cpp */ = {isa = PBXFileReference; fileEncoding = 4; lastKnownFileType = sourcecode.cpp.cpp; path = result.cpp; sourceTree = "<group>"; };
		A153D07E1CCC71F500000A15 /* result.h */ = {isa = PBXFileReference; fileEncoding = 4; lastKnownFileType = sourcecode.c.h; path = result.h; sourceTree = "<group>"; };
		A153D07F1CCC71F500000A15 /* serialize.h */ = {isa = PBXFileReference; fileEncoding = 4; lastKnownFileType = sourcecode.c.h; path = serialize.h; sourceTree = "<group>"; };
		A153D0801CCC71F500000A15 /* structureddata.cpp */ = {isa = PBXFileReference; fileEncoding = 4; lastKnownFileType = sourcecode.cpp.cpp; path = structureddata.cpp; sourceTree = "<group>"; };
		A153D0811CCC71F500000A15 /* structureddata.h */ = {isa = PBXFileReference; fileEncoding = 4; lastKnownFileType = sourcecode.c.h; path = structureddata.h; sourceTree = "<group>"; };
		A153D0821CCC71F500000A15 /* thread.cpp */ = {isa = PBXFileReference; fileEncoding = 4; lastKnownFileType = sourcecode.cpp.cpp; path = thread.cpp; sourceTree = "<group>"; };
		A153D0831CCC71F500000A15 /* thread.h */ = {isa = PBXFileReference; fileEncoding = 4; lastKnownFileType = sourcecode.c.h; path = thread.h; sourceTree = "<group>"; };
		A153D0851CCC71F500000A15 /* tobasictypes.h */ = {isa = PBXFileReference; fileEncoding = 4; lastKnownFileType = sourcecode.c.h; path = tobasictypes.h; sourceTree = "<group>"; };
		A153D0861CCC71F500000A15 /* tobject.cpp */ = {isa = PBXFileReference; fileEncoding = 4; lastKnownFileType = sourcecode.cpp.cpp; path = tobject.cpp; sourceTree = "<group>"; };
		A153D0871CCC71F500000A15 /* tobject.h */ = {isa = PBXFileReference; fileEncoding = 4; lastKnownFileType = sourcecode.c.h; path = tobject.h; sourceTree = "<group>"; };
		A153D0881CCC71F500000A15 /* tobjectiterator.cpp */ = {isa = PBXFileReference; fileEncoding = 4; lastKnownFileType = sourcecode.cpp.cpp; path = tobjectiterator.cpp; sourceTree = "<group>"; };
		A153D0891CCC71F500000A15 /* tobjectiterator.h */ = {isa = PBXFileReference; fileEncoding = 4; lastKnownFileType = sourcecode.c.h; path = tobjectiterator.h; sourceTree = "<group>"; };
		A153D08A1CCC71F500000A15 /* tobjecttree.h */ = {isa = PBXFileReference; fileEncoding = 4; lastKnownFileType = sourcecode.c.h; path = tobjecttree.h; sourceTree = "<group>"; };
		A153D08B1CCC71F500000A15 /* tree.h */ = {isa = PBXFileReference; fileEncoding = 4; lastKnownFileType = sourcecode.c.h; path = tree.h; sourceTree = "<group>"; };
		A153D08C1CCC71F500000A15 /* visitor.h */ = {isa = PBXFileReference; fileEncoding = 4; lastKnownFileType = sourcecode.c.h; path = visitor.h; sourceTree = "<group>"; };
		A153D0901CCC71F500000A15 /* basiccommands.cpp */ = {isa = PBXFileReference; fileEncoding = 4; lastKnownFileType = sourcecode.cpp.cpp; path = basiccommands.cpp; sourceTree = "<group>"; };
		A153D0911CCC71F500000A15 /* basiccommands.h */ = {isa = PBXFileReference; fileEncoding = 4; lastKnownFileType = sourcecode.c.h; path = basiccommands.h; sourceTree = "<group>"; };
		A153D0921CCC71F500000A15 /* basicfactory.cpp */ = {isa = PBXFileReference; fileEncoding = 4; lastKnownFileType = sourcecode.cpp.cpp; path = basicfactory.cpp; sourceTree = "<group>"; };
		A153D0931CCC71F500000A15 /* basicfactory.h */ = {isa = PBXFileReference; fileEncoding = 4; lastKnownFileType = sourcecode.c.h; path = basicfactory.h; sourceTree = "<group>"; };
		A153D0941CCC71F500000A15 /* commandcontext.cpp */ = {isa = PBXFileReference; fileEncoding = 4; lastKnownFileType = sourcecode.cpp.cpp; path = commandcontext.cpp; sourceTree = "<group>"; };
		A153D0951CCC71F500000A15 /* commandcontext.h */ = {isa = PBXFileReference; fileEncoding = 4; lastKnownFileType = sourcecode.c.h; path = commandcontext.h; sourceTree = "<group>"; };
		A153D0961CCC71F500000A15 /* fileconsumer.cpp */ = {isa = PBXFileReference; fileEncoding = 4; lastKnownFileType = sourcecode.cpp.cpp; path = fileconsumer.cpp; sourceTree = "<group>"; };
		A153D0971CCC71F500000A15 /* fileconsumer.h */ = {isa = PBXFileReference; fileEncoding = 4; lastKnownFileType = sourcecode.c.h; path = fileconsumer.h; sourceTree = "<group>"; };
		A153D0981CCC71F500000A15 /* fileproducer.cpp */ = {isa = PBXFileReference; fileEncoding = 4; lastKnownFileType = sourcecode.cpp.cpp; path = fileproducer.cpp; sourceTree = "<group>"; };
		A153D0991CCC71F500000A15 /* fileproducer.h */ = {isa = PBXFileReference; fileEncoding = 4; lastKnownFileType = sourcecode.c.h; path = fileproducer.h; sourceTree = "<group>"; };
		A153D09A1CCC71F500000A15 /* logger.cpp */ = {isa = PBXFileReference; fileEncoding = 4; lastKnownFileType = sourcecode.cpp.cpp; path = logger.cpp; sourceTree = "<group>"; };
		A153D09B1CCC71F500000A15 /* logger.h */ = {isa = PBXFileReference; fileEncoding = 4; lastKnownFileType = sourcecode.c.h; path = logger.h; sourceTree = "<group>"; };
		A153D09C1CCC71F500000A15 /* loghandler.cpp */ = {isa = PBXFileReference; fileEncoding = 4; lastKnownFileType = sourcecode.cpp.cpp; path = loghandler.cpp; sourceTree = "<group>"; };
		A153D09D1CCC71F500000A15 /* loghandler.h */ = {isa = PBXFileReference; fileEncoding = 4; lastKnownFileType = sourcecode.c.h; path = loghandler.h; sourceTree = "<group>"; };
		A153D09E1CCC71F500000A15 /* Makefile */ = {isa = PBXFileReference; fileEncoding = 4; lastKnownFileType = sourcecode.make; path = Makefile; sourceTree = "<group>"; };
		A153D09F1CCC71F500000A15 /* queueproc.cpp */ = {isa = PBXFileReference; fileEncoding = 4; lastKnownFileType = sourcecode.cpp.cpp; path = queueproc.cpp; sourceTree = "<group>"; };
		A153D0A01CCC71F500000A15 /* queueproc.h */ = {isa = PBXFileReference; fileEncoding = 4; lastKnownFileType = sourcecode.c.h; path = queueproc.h; sourceTree = "<group>"; };
		A153D0A11CCC71F500000A15 /* runcontext.cpp */ = {isa = PBXFileReference; fileEncoding = 4; lastKnownFileType = sourcecode.cpp.cpp; path = runcontext.cpp; sourceTree = "<group>"; };
		A153D0A21CCC71F500000A15 /* runcontext.h */ = {isa = PBXFileReference; fileEncoding = 4; lastKnownFileType = sourcecode.c.h; path = runcontext.h; sourceTree = "<group>"; };
		A153D0A31CCC71F500000A15 /* stringconsumer.cpp */ = {isa = PBXFileReference; fileEncoding = 4; lastKnownFileType = sourcecode.cpp.cpp; path = stringconsumer.cpp; sourceTree = "<group>"; };
		A153D0A41CCC71F500000A15 /* stringconsumer.h */ = {isa = PBXFileReference; fileEncoding = 4; lastKnownFileType = sourcecode.c.h; path = stringconsumer.h; sourceTree = "<group>"; };
		A153D0A51CCC71F500000A15 /* stringproducer.cpp */ = {isa = PBXFileReference; fileEncoding = 4; lastKnownFileType = sourcecode.cpp.cpp; path = stringproducer.cpp; sourceTree = "<group>"; };
		A153D0A61CCC71F500000A15 /* stringproducer.h */ = {isa = PBXFileReference; fileEncoding = 4; lastKnownFileType = sourcecode.c.h; path = stringproducer.h; sourceTree = "<group>"; };
		A153D0A71CCC71F500000A15 /* testcase.cpp */ = {isa = PBXFileReference; fileEncoding = 4; lastKnownFileType = sourcecode.cpp.cpp; path = testcase.cpp; sourceTree = "<group>"; };
		A153D0A81CCC71F500000A15 /* testcase.h */ = {isa = PBXFileReference; fileEncoding = 4; lastKnownFileType = sourcecode.c.h; path = testcase.h; sourceTree = "<group>"; };
		A153D0A91CCC71F500000A15 /* testsuite.cpp */ = {isa = PBXFileReference; fileEncoding = 4; lastKnownFileType = sourcecode.cpp.cpp; path = testsuite.cpp; sourceTree = "<group>"; };
		A153D0AA1CCC71F500000A15 /* testsuite.h */ = {isa = PBXFileReference; fileEncoding = 4; lastKnownFileType = sourcecode.c.h; path = testsuite.h; sourceTree = "<group>"; };
		A153D0AD1CCC71F500000A15 /* json-forwards.h */ = {isa = PBXFileReference; fileEncoding = 4; lastKnownFileType = sourcecode.c.h; path = "json-forwards.h"; sourceTree = "<group>"; };
		A153D0AE1CCC71F500000A15 /* json.h */ = {isa = PBXFileReference; fileEncoding = 4; lastKnownFileType = sourcecode.c.h; path = json.h; sourceTree = "<group>"; };
		A153D0AF1CCC71F500000A15 /* jsoncpp.cpp */ = {isa = PBXFileReference; fileEncoding = 4; lastKnownFileType = sourcecode.cpp.cpp; path = jsoncpp.cpp; sourceTree = "<group>"; };
		A153D0B01CCC71F500000A15 /* Makefile */ = {isa = PBXFileReference; fileEncoding = 4; lastKnownFileType = sourcecode.make; path = Makefile; sourceTree = "<group>"; };
		A153D0B11CCC71F500000A15 /* Makefile */ = {isa = PBXFileReference; fileEncoding = 4; lastKnownFileType = sourcecode.make; name = Makefile; path = ../../src/Makefile; sourceTree = "<group>"; };
		A153D0B31CCC71F500000A15 /* Makefile */ = {isa = PBXFileReference; fileEncoding = 4; lastKnownFileType = sourcecode.make; path = Makefile; sourceTree = "<group>"; };
		A153D0B41CCC71F500000A15 /* platform.h */ = {isa = PBXFileReference; fileEncoding = 4; lastKnownFileType = sourcecode.c.h; path = platform.h; sourceTree = "<group>"; };
		A153D0B81CCC71F500000A15 /* Makefile */ = {isa = PBXFileReference; fileEncoding = 4; lastKnownFileType = sourcecode.make; path = Makefile; sourceTree = "<group>"; };
		A153D0B91CCC71F500000A15 /* posixpluginloader.cpp */ = {isa = PBXFileReference; fileEncoding = 4; lastKnownFileType = sourcecode.cpp.cpp; path = posixpluginloader.cpp; sourceTree = "<group>"; };
		A153D0BA1CCC71F500000A15 /* posixpluginloader.h */ = {isa = PBXFileReference; fileEncoding = 4; lastKnownFileType = sourcecode.c.h; path = posixpluginloader.h; sourceTree = "<group>"; };
		A153D0BB1CCC71F500000A15 /* posixthread.cpp */ = {isa = PBXFileReference; fileEncoding = 4; lastKnownFileType = sourcecode.cpp.cpp; path = posixthread.cpp; sourceTree = "<group>"; };
		A153D0BC1CCC71F500000A15 /* posixthread.h */ = {isa = PBXFileReference; fileEncoding = 4; lastKnownFileType = sourcecode.c.h; path = posixthread.h; sourceTree = "<group>"; };
		A153D0C01CCC71F500000A15 /* Makefile */ = {isa = PBXFileReference; fileEncoding = 4; lastKnownFileType = sourcecode.make; path = Makefile; sourceTree = "<group>"; };
		A153D0C11CCC71F500000A15 /* sample_plugin.cpp */ = {isa = PBXFileReference; fileEncoding = 4; lastKnownFileType = sourcecode.cpp.cpp; path = sample_plugin.cpp; sourceTree = "<group>"; };
		A153D0C21CCC71F500000A15 /* t_basetests.cpp */ = {isa = PBXFileReference; fileEncoding = 4; lastKnownFileType = sourcecode.cpp.cpp; path = t_basetests.cpp; sourceTree = "<group>"; };
		A153D0C31CCC71F500000A15 /* t_coretests.cpp */ = {isa = PBXFileReference; fileEncoding = 4; lastKnownFileType = sourcecode.cpp.cpp; path = t_coretests.cpp; sourceTree = "<group>"; };
		A153D0C41CCC71F500000A15 /* t_logger.cpp */ = {isa = PBXFileReference; fileEncoding = 4; lastKnownFileType = sourcecode.cpp.cpp; path = t_logger.cpp; sourceTree = "<group>"; };
		A153D0C51CCC71F500000A15 /* t_osdep.cpp */ = {isa = PBXFileReference; fileEncoding = 4; lastKnownFileType = sourcecode.cpp.cpp; path = t_osdep.cpp; sourceTree = "<group>"; };
		A153D0C61CCC71F500000A15 /* t_plugin.cpp */ = {isa = PBXFileReference; fileEncoding = 4; lastKnownFileType = sourcecode.cpp.cpp; path = t_plugin.cpp; sourceTree = "<group>"; };
		A153D0C71CCC71F500000A15 /* t_result.cpp */ = {isa = PBXFileReference; fileEncoding = 4; lastKnownFileType = sourcecode.cpp.cpp; path = t_result.cpp; sourceTree = "<group>"; };
		A153D0C81CCC71F500000A15 /* t_testsuite.cpp */ = {isa = PBXFileReference; fileEncoding = 4; lastKnownFileType = sourcecode.cpp.cpp; path = t_testsuite.cpp; sourceTree = "<group>"; };
		A153D1221CCD89D200000A15 /* proc.cpp */ = {isa = PBXFileReference; fileEncoding = 4; lastKnownFileType = sourcecode.cpp.cpp; path = proc.cpp; sourceTree = "<group>"; };
		A153D1231CCD89D200000A15 /* proc.h */ = {isa = PBXFileReference; fileEncoding = 4; lastKnownFileType = sourcecode.c.h; path = proc.h; sourceTree = "<group>"; };
		A153D1261CD05F8400000A15 /* entity.cpp */ = {isa = PBXFileReference; fileEncoding = 4; lastKnownFileType = sourcecode.cpp.cpp; path = entity.cpp; sourceTree = "<group>"; };
		A153D1271CD05F8400000A15 /* entity.h */ = {isa = PBXFileReference; fileEncoding = 4; lastKnownFileType = sourcecode.c.h; path = entity.h; sourceTree = "<group>"; };
		A15745751E1A057800265D4D /* elementdelegate.h */ = {isa = PBXFileReference; lastKnownFileType = sourcecode.c.h; name = elementdelegate.h; path = ../../src/ui/elementdelegate.h; sourceTree = "<group>"; };
		A15745761E1AF6FF00265D4D /* t_ui.cpp */ = {isa = PBXFileReference; fileEncoding = 4; lastKnownFileType = sourcecode.cpp.cpp; path = t_ui.cpp; sourceTree = "<group>"; };
		A16390801D038A2A00036620 /* tobasictypes.cpp */ = {isa = PBXFileReference; fileEncoding = 4; lastKnownFileType = sourcecode.cpp.cpp; path = tobasictypes.cpp; sourceTree = "<group>"; };
		A16390821D03D75800036620 /* structureddataname.cpp */ = {isa = PBXFileReference; fileEncoding = 4; lastKnownFileType = sourcecode.cpp.cpp; path = structureddataname.cpp; sourceTree = "<group>"; };
		A16390831D03D75800036620 /* structureddataname.h */ = {isa = PBXFileReference; fileEncoding = 4; lastKnownFileType = sourcecode.c.h; path = structureddataname.h; sourceTree = "<group>"; };
		A172903B1EB44909001454A0 /* dumbttyelementdelegate.cpp */ = {isa = PBXFileReference; fileEncoding = 4; lastKnownFileType = sourcecode.cpp.cpp; name = dumbttyelementdelegate.cpp; path = ../../src/ui/dumbttyelementdelegate.cpp; sourceTree = "<group>"; };
		A172903C1EB44909001454A0 /* dumbttyelementdelegate.h */ = {isa = PBXFileReference; fileEncoding = 4; lastKnownFileType = sourcecode.c.h; name = dumbttyelementdelegate.h; path = ../../src/ui/dumbttyelementdelegate.h; sourceTree = "<group>"; };
		A18F4D521CD442F600C755FA /* tobjecttype.cpp */ = {isa = PBXFileReference; fileEncoding = 4; lastKnownFileType = sourcecode.cpp.cpp; path = tobjecttype.cpp; sourceTree = "<group>"; };
		A18F4D531CD442F600C755FA /* tobjecttype.h */ = {isa = PBXFileReference; fileEncoding = 4; lastKnownFileType = sourcecode.c.h; path = tobjecttype.h; sourceTree = "<group>"; };
		A19725311E2B313C006389B0 /* uifacet.h */ = {isa = PBXFileReference; fileEncoding = 4; lastKnownFileType = sourcecode.c.h; name = uifacet.h; path = ../../src/ui/uifacet.h; sourceTree = "<group>"; };
		A19725331E2B3188006389B0 /* uifacet.cpp */ = {isa = PBXFileReference; fileEncoding = 4; lastKnownFileType = sourcecode.cpp.cpp; name = uifacet.cpp; path = ../../src/ui/uifacet.cpp; sourceTree = "<group>"; };
		A1BCB62E1D27053A0082BB87 /* uidelegate.h */ = {isa = PBXFileReference; fileEncoding = 4; lastKnownFileType = sourcecode.c.h; name = uidelegate.h; path = ../../src/ui/uidelegate.h; sourceTree = "<group>"; };
		A1BCB6441D2B586E0082BB87 /* uicommand.cpp */ = {isa = PBXFileReference; fileEncoding = 4; lastKnownFileType = sourcecode.cpp.cpp; name = uicommand.cpp; path = ../../src/ui/uicommand.cpp; sourceTree = "<group>"; };
		A1BCB6451D2B586E0082BB87 /* uicommand.h */ = {isa = PBXFileReference; fileEncoding = 4; lastKnownFileType = sourcecode.c.h; name = uicommand.h; path = ../../src/ui/uicommand.h; sourceTree = "<group>"; };
		A1BCB6481D2B5ADC0082BB87 /* basicelements.cpp */ = {isa = PBXFileReference; fileEncoding = 4; lastKnownFileType = sourcecode.cpp.cpp; name = basicelements.cpp; path = ../../src/ui/basicelements.cpp; sourceTree = "<group>"; };
		A1BCB6491D2B5ADC0082BB87 /* basicelements.h */ = {isa = PBXFileReference; fileEncoding = 4; lastKnownFileType = sourcecode.c.h; name = basicelements.h; path = ../../src/ui/basicelements.h; sourceTree = "<group>"; };
		A1CC710B1E86E29500BD0946 /* t_uiblocking.cpp */ = {isa = PBXFileReference; fileEncoding = 4; lastKnownFileType = sourcecode.cpp.cpp; path = t_uiblocking.cpp; sourceTree = "<group>"; };
		A1CC710D1E86EEB000BD0946 /* uidelegate.cpp */ = {isa = PBXFileReference; fileEncoding = 4; lastKnownFileType = sourcecode.cpp.cpp; name = uidelegate.cpp; path = ../../src/ui/uidelegate.cpp; sourceTree = "<group>"; };
		A1D59B631C3D7DE100BE6298 /* libaft.a */ = {isa = PBXFileReference; explicitFileType = archive.ar; includeInIndex = 0; path = libaft.a; sourceTree = BUILT_PRODUCTS_DIR; };
		A1F2AFBA1D036BD5009FE595 /* ui.cpp */ = {isa = PBXFileReference; fileEncoding = 4; lastKnownFileType = sourcecode.cpp.cpp; name = ui.cpp; path = ../../src/ui/ui.cpp; sourceTree = "<group>"; };
		A1F2AFBB1D036BD5009FE595 /* ui.h */ = {isa = PBXFileReference; fileEncoding = 4; lastKnownFileType = sourcecode.c.h; name = ui.h; path = ../../src/ui/ui.h; sourceTree = "<group>"; };
		A1F763891C41C05E009A5873 /* README.md */ = {isa = PBXFileReference; fileEncoding = 4; lastKnownFileType = net.daringfireball.markdown; name = README.md; path = ../../README.md; sourceTree = "<group>"; };
		A1F838091C41F9E200040299 /* Ideas.txt */ = {isa = PBXFileReference; fileEncoding = 4; lastKnownFileType = text; name = Ideas.txt; path = ../../Ideas.txt; sourceTree = "<group>"; };
		A1F991991CF1488A00EF3D66 /* tobjecttree.cpp */ = {isa = PBXFileReference; fileEncoding = 4; lastKnownFileType = sourcecode.cpp.cpp; path = tobjecttree.cpp; sourceTree = "<group>"; };
/* End PBXFileReference section */

/* Begin PBXFrameworksBuildPhase section */
		A1D59B601C3D7DE100BE6298 /* Frameworks */ = {
			isa = PBXFrameworksBuildPhase;
			buildActionMask = 2147483647;
			files = (
			);
			runOnlyForDeploymentPostprocessing = 0;
		};
/* End PBXFrameworksBuildPhase section */

/* Begin PBXGroup section */
		A122FCB61F4A2A41004C2610 /* ui */ = {
			isa = PBXGroup;
			children = (
				A13FE0AC1F5CFDFE002F2E80 /* uiaftbridge.mm */,
				A13FE0AD1F5CFDFE002F2E80 /* uiaftbridge.h */,
				A122FCBB1F4A317B004C2610 /* cocoaelementdelegate.cpp */,
				A122FCBC1F4A317B004C2610 /* cocoaelementdelegate.h */,
				A122FCBD1F4A317B004C2610 /* cocoauidelegate.cpp */,
				A122FCBE1F4A317B004C2610 /* cocoauidelegate.h */,
				A122FCB71F4A2DA3004C2610 /* osx-cocoa.cpp */,
				A122FCB81F4A2DA3004C2610 /* osx-cocoa.h */,
				A128D77B1FBBD1FE0096C7CC /* cocoatextentry.m */,
				A128D77D1FBBD2590096C7CC /* cocoatextentry.h */,
			);
			name = ui;
			sourceTree = "<group>";
		};
		A1256C901DFE347E00AE4700 /* native */ = {
			isa = PBXGroup;
			children = (
				A1256C911DFE349300AE4700 /* nativethread.h */,
				A1256C921DFE349300AE4700 /* nativethread.cpp */,
				A1256C931DFE349300AE4700 /* nativepluginloader.h */,
				A1256C941DFE349300AE4700 /* nativepluginloader.cpp */,
			);
			name = native;
			sourceTree = "<group>";
		};
		A153D0601CCC714B00000A15 /* libaft */ = {
			isa = PBXGroup;
			children = (
				A153D0611CCC71F500000A15 /* aft.h */,
				A153D0B11CCC71F500000A15 /* Makefile */,
				A153D0621CCC71F500000A15 /* base */,
				A153D08D1CCC71F500000A15 /* core */,
				A153D0AB1CCC71F500000A15 /* json */,
				A153D0B21CCC71F500000A15 /* osdep */,
				A1F2AFB11D0279D2009FE595 /* ui */,
				A153D0BD1CCC71F500000A15 /* tests */,
			);
			name = libaft;
			sourceTree = "<group>";
		};
		A153D0621CCC71F500000A15 /* base */ = {
			isa = PBXGroup;
			children = (
				A153D0651CCC71F500000A15 /* blob.cpp */,
				A153D0661CCC71F500000A15 /* blob.h */,
				A153D0671CCC71F500000A15 /* callback.h */,
				A153D0681CCC71F500000A15 /* command.cpp */,
				A153D0691CCC71F500000A15 /* command.h */,
				A153D06A1CCC71F500000A15 /* consumer.cpp */,
				A153D06B1CCC71F500000A15 /* consumer.h */,
				A153D06C1CCC71F500000A15 /* context.cpp */,
				A153D06D1CCC71F500000A15 /* context.h */,
				A153D1261CD05F8400000A15 /* entity.cpp */,
				A153D1271CD05F8400000A15 /* entity.h */,
				A153D06E1CCC71F500000A15 /* factory.cpp */,
				A153D06F1CCC71F500000A15 /* factory.h */,
				A153D0701CCC71F500000A15 /* hasher.cpp */,
				A153D0711CCC71F500000A15 /* hasher.h */,
				A153D0721CCC71F500000A15 /* iterator.h */,
				A153D0731CCC71F500000A15 /* Makefile */,
				A13CF6E71D1705590038665F /* operation.cpp */,
				A13CF6E81D1705590038665F /* operation.h */,
				A153D0741CCC71F500000A15 /* outlet.cpp */,
				A153D0751CCC71F500000A15 /* outlet.h */,
				A153D0761CCC71F500000A15 /* plugin.cpp */,
				A153D0771CCC71F500000A15 /* plugin.h */,
				A153D1221CCD89D200000A15 /* proc.cpp */,
				A153D1231CCD89D200000A15 /* proc.h */,
				A153D0781CCC71F500000A15 /* producer.cpp */,
				A153D0791CCC71F500000A15 /* producer.h */,
				A153D07A1CCC71F500000A15 /* producttype.h */,
				A153D07B1CCC71F500000A15 /* propertyhandler.cpp */,
				A153D07C1CCC71F500000A15 /* propertyhandler.h */,
				A153D07D1CCC71F500000A15 /* result.cpp */,
				A153D07E1CCC71F500000A15 /* result.h */,
				A153D07F1CCC71F500000A15 /* serialize.h */,
				A153D0801CCC71F500000A15 /* structureddata.cpp */,
				A153D0811CCC71F500000A15 /* structureddata.h */,
				A16390821D03D75800036620 /* structureddataname.cpp */,
				A16390831D03D75800036620 /* structureddataname.h */,
				A153D0821CCC71F500000A15 /* thread.cpp */,
				A153D0831CCC71F500000A15 /* thread.h */,
				A16390801D038A2A00036620 /* tobasictypes.cpp */,
				A153D0851CCC71F500000A15 /* tobasictypes.h */,
				A153D0861CCC71F500000A15 /* tobject.cpp */,
				A153D0871CCC71F500000A15 /* tobject.h */,
				A153D0881CCC71F500000A15 /* tobjectiterator.cpp */,
				A153D0891CCC71F500000A15 /* tobjectiterator.h */,
				A1F991991CF1488A00EF3D66 /* tobjecttree.cpp */,
				A153D08A1CCC71F500000A15 /* tobjecttree.h */,
				A18F4D521CD442F600C755FA /* tobjecttype.cpp */,
				A18F4D531CD442F600C755FA /* tobjecttype.h */,
				A153D08B1CCC71F500000A15 /* tree.h */,
				A153D08C1CCC71F500000A15 /* visitor.h */,
			);
			name = base;
			path = ../../src/base;
			sourceTree = "<group>";
		};
		A153D08D1CCC71F500000A15 /* core */ = {
			isa = PBXGroup;
			children = (
				A153D0901CCC71F500000A15 /* basiccommands.cpp */,
				A153D0911CCC71F500000A15 /* basiccommands.h */,
				A153D0921CCC71F500000A15 /* basicfactory.cpp */,
				A153D0931CCC71F500000A15 /* basicfactory.h */,
				A153D0941CCC71F500000A15 /* commandcontext.cpp */,
				A153D0951CCC71F500000A15 /* commandcontext.h */,
				A153D0961CCC71F500000A15 /* fileconsumer.cpp */,
				A153D0971CCC71F500000A15 /* fileconsumer.h */,
				A153D0981CCC71F500000A15 /* fileproducer.cpp */,
				A153D0991CCC71F500000A15 /* fileproducer.h */,
				A153D09A1CCC71F500000A15 /* logger.cpp */,
				A153D09B1CCC71F500000A15 /* logger.h */,
				A153D09C1CCC71F500000A15 /* loghandler.cpp */,
				A153D09D1CCC71F500000A15 /* loghandler.h */,
				A153D09E1CCC71F500000A15 /* Makefile */,
				A153D09F1CCC71F500000A15 /* queueproc.cpp */,
				A153D0A01CCC71F500000A15 /* queueproc.h */,
				A153D0A11CCC71F500000A15 /* runcontext.cpp */,
				A153D0A21CCC71F500000A15 /* runcontext.h */,
				A153D0A31CCC71F500000A15 /* stringconsumer.cpp */,
				A153D0A41CCC71F500000A15 /* stringconsumer.h */,
				A153D0A51CCC71F500000A15 /* stringproducer.cpp */,
				A153D0A61CCC71F500000A15 /* stringproducer.h */,
				A153D0A71CCC71F500000A15 /* testcase.cpp */,
				A153D0A81CCC71F500000A15 /* testcase.h */,
				A153D0A91CCC71F500000A15 /* testsuite.cpp */,
				A153D0AA1CCC71F500000A15 /* testsuite.h */,
			);
			name = core;
			path = ../../src/core;
			sourceTree = "<group>";
		};
		A153D0AB1CCC71F500000A15 /* json */ = {
			isa = PBXGroup;
			children = (
				A153D0AD1CCC71F500000A15 /* json-forwards.h */,
				A153D0AE1CCC71F500000A15 /* json.h */,
				A153D0AF1CCC71F500000A15 /* jsoncpp.cpp */,
				A153D0B01CCC71F500000A15 /* Makefile */,
			);
			name = json;
			path = ../../src/json;
			sourceTree = "<group>";
		};
		A153D0B21CCC71F500000A15 /* osdep */ = {
			isa = PBXGroup;
			children = (
				A122FCB61F4A2A41004C2610 /* ui */,
				A1256C901DFE347E00AE4700 /* native */,
				A153D0B31CCC71F500000A15 /* Makefile */,
				A153D0B41CCC71F500000A15 /* platform.h */,
				A1256C8C1DFE1CC500AE4700 /* platform-apple.h */,
				A1256C8A1DFE1CC500AE4700 /* platform-linux.h */,
				A1256C8B1DFE1CC500AE4700 /* platform-posix.h */,
				A153D0B51CCC71F500000A15 /* posix */,
			);
			name = osdep;
			path = ../../src/osdep;
			sourceTree = "<group>";
		};
		A153D0B51CCC71F500000A15 /* posix */ = {
			isa = PBXGroup;
			children = (
				A153D0B81CCC71F500000A15 /* Makefile */,
				A153D0B91CCC71F500000A15 /* posixpluginloader.cpp */,
				A153D0BA1CCC71F500000A15 /* posixpluginloader.h */,
				A153D0BB1CCC71F500000A15 /* posixthread.cpp */,
				A153D0BC1CCC71F500000A15 /* posixthread.h */,
			);
			path = posix;
			sourceTree = "<group>";
		};
		A153D0BD1CCC71F500000A15 /* tests */ = {
			isa = PBXGroup;
			children = (
				A153D0C01CCC71F500000A15 /* Makefile */,
				A153D0C11CCC71F500000A15 /* sample_plugin.cpp */,
				A153D0C21CCC71F500000A15 /* t_basetests.cpp */,
				A153D0C31CCC71F500000A15 /* t_coretests.cpp */,
				A153D0C41CCC71F500000A15 /* t_logger.cpp */,
				A153D0C51CCC71F500000A15 /* t_osdep.cpp */,
				A153D0C61CCC71F500000A15 /* t_plugin.cpp */,
				A153D0C71CCC71F500000A15 /* t_result.cpp */,
				A153D0C81CCC71F500000A15 /* t_testsuite.cpp */,
				A15745761E1AF6FF00265D4D /* t_ui.cpp */,
				A1CC710B1E86E29500BD0946 /* t_uiblocking.cpp */,
			);
			name = tests;
			path = ../../src/tests;
			sourceTree = "<group>";
		};
		A1D59B5A1C3D7DE100BE6298 = {
			isa = PBXGroup;
			children = (
				A153D0601CCC714B00000A15 /* libaft */,
				A1F763881C41C049009A5873 /* doc */,
				A1D59B641C3D7DE100BE6298 /* Products */,
			);
			sourceTree = "<group>";
		};
		A1D59B641C3D7DE100BE6298 /* Products */ = {
			isa = PBXGroup;
			children = (
				A1D59B631C3D7DE100BE6298 /* libaft.a */,
			);
			name = Products;
			sourceTree = "<group>";
		};
		A1F2AFB11D0279D2009FE595 /* ui */ = {
			isa = PBXGroup;
			children = (
				A1BCB6481D2B5ADC0082BB87 /* basicelements.cpp */,
				A1BCB6491D2B5ADC0082BB87 /* basicelements.h */,
				A1122F1E1D23784E000FA862 /* element.cpp */,
				A1122F1F1D23784E000FA862 /* element.h */,
				A11A6B571E4FF15C000D7A4B /* elementdelegate.cpp */,
				A15745751E1A057800265D4D /* elementdelegate.h */,
				A1230D101EEE246C0003D133 /* elementhandle.cpp */,
				A1230D111EEE246C0003D133 /* elementhandle.h */,
				A1F2AFBA1D036BD5009FE595 /* ui.cpp */,
				A1F2AFBB1D036BD5009FE595 /* ui.h */,
				A1BCB6441D2B586E0082BB87 /* uicommand.cpp */,
				A1BCB6451D2B586E0082BB87 /* uicommand.h */,
				A1CC710D1E86EEB000BD0946 /* uidelegate.cpp */,
				A1BCB62E1D27053A0082BB87 /* uidelegate.h */,
				A19725331E2B3188006389B0 /* uifacet.cpp */,
				A19725311E2B313C006389B0 /* uifacet.h */,
				A146518F1E919FC200C5BF04 /* uirequest.cpp */,
				A14651901E919FC200C5BF04 /* uirequest.h */,
				A13C2DB51EB042B20016E9B3 /* dumbttyuidelegate.cpp */,
				A13C2DB61EB042B20016E9B3 /* dumbttyuidelegate.h */,
				A172903B1EB44909001454A0 /* dumbttyelementdelegate.cpp */,
				A172903C1EB44909001454A0 /* dumbttyelementdelegate.h */,
			);
			name = ui;
			sourceTree = "<group>";
		};
		A1F763881C41C049009A5873 /* doc */ = {
			isa = PBXGroup;
			children = (
				A1F838091C41F9E200040299 /* Ideas.txt */,
				A1F763891C41C05E009A5873 /* README.md */,
			);
			name = doc;
			sourceTree = "<group>";
		};
/* End PBXGroup section */

/* Begin PBXHeadersBuildPhase section */
		A1D59B611C3D7DE100BE6298 /* Headers */ = {
			isa = PBXHeadersBuildPhase;
			buildActionMask = 2147483647;
			files = (
				A153D10E1CCC71F500000A15 /* json.h in Headers */,
				A1256C8F1DFE1CC500AE4700 /* platform-apple.h in Headers */,
				A153D0F01CCC71F500000A15 /* tree.h in Headers */,
				A153D0DC1CCC71F500000A15 /* plugin.h in Headers */,
				A153D0FB1CCC71F500000A15 /* fileproducer.h in Headers */,
				A153D0F11CCC71F500000A15 /* visitor.h in Headers */,
				A153D0D41CCC71F500000A15 /* factory.h in Headers */,
				A13C2DB81EB042B20016E9B3 /* dumbttyuidelegate.h in Headers */,
				A153D0D01CCC71F500000A15 /* consumer.h in Headers */,
				A1BCB6471D2B586E0082BB87 /* uicommand.h in Headers */,
				A153D0C91CCC71F500000A15 /* aft.h in Headers */,
				A1F2AFBD1D036BD5009FE595 /* ui.h in Headers */,
				A153D10D1CCC71F500000A15 /* json-forwards.h in Headers */,
				A153D0F31CCC71F500000A15 /* basiccommands.h in Headers */,
				A153D0EC1CCC71F500000A15 /* tobject.h in Headers */,
				A1256C971DFE349300AE4700 /* nativepluginloader.h in Headers */,
				A153D0EA1CCC71F500000A15 /* tobasictypes.h in Headers */,
				A1230D131EEE246C0003D133 /* elementhandle.h in Headers */,
				A153D1041CCC71F500000A15 /* runcontext.h in Headers */,
				A153D0CE1CCC71F500000A15 /* command.h in Headers */,
				A153D0FF1CCC71F500000A15 /* loghandler.h in Headers */,
				A153D0F71CCC71F500000A15 /* commandcontext.h in Headers */,
				A122FCC01F4A317B004C2610 /* cocoaelementdelegate.h in Headers */,
				A153D0DE1CCC71F500000A15 /* producer.h in Headers */,
				A153D0FD1CCC71F500000A15 /* logger.h in Headers */,
				A13FE0AF1F5CFDFE002F2E80 /* uiaftbridge.h in Headers */,
				A19725321E2B313C006389B0 /* uifacet.h in Headers */,
				A1BCB6301D27053A0082BB87 /* uidelegate.h in Headers */,
				A153D1181CCC71F500000A15 /* posixthread.h in Headers */,
				A153D0CC1CCC71F500000A15 /* callback.h in Headers */,
				A153D0CB1CCC71F500000A15 /* blob.h in Headers */,
				A122FCC21F4A317B004C2610 /* cocoauidelegate.h in Headers */,
				A172903E1EB44909001454A0 /* dumbttyelementdelegate.h in Headers */,
				A153D1131CCC71F500000A15 /* platform.h in Headers */,
				A1256C8E1DFE1CC500AE4700 /* platform-posix.h in Headers */,
				A13CF6EA1D1705590038665F /* operation.h in Headers */,
				A153D0D21CCC71F500000A15 /* context.h in Headers */,
				A153D0D71CCC71F500000A15 /* iterator.h in Headers */,
				A153D0EE1CCC71F500000A15 /* tobjectiterator.h in Headers */,
				A153D1021CCC71F500000A15 /* queueproc.h in Headers */,
				A16390851D03D75800036620 /* structureddataname.h in Headers */,
				A153D0E81CCC71F500000A15 /* thread.h in Headers */,
				A153D0E11CCC71F500000A15 /* propertyhandler.h in Headers */,
				A1256C951DFE349300AE4700 /* nativethread.h in Headers */,
				A153D0F91CCC71F500000A15 /* fileconsumer.h in Headers */,
				A153D0E31CCC71F500000A15 /* result.h in Headers */,
				A14651921E919FC200C5BF04 /* uirequest.h in Headers */,
				A153D0F51CCC71F500000A15 /* basicfactory.h in Headers */,
				A153D0E61CCC71F500000A15 /* structureddata.h in Headers */,
				A153D0DA1CCC71F500000A15 /* outlet.h in Headers */,
				A153D1061CCC71F500000A15 /* stringconsumer.h in Headers */,
				A122FCBA1F4A2DA3004C2610 /* osx-cocoa.h in Headers */,
				A153D0D61CCC71F500000A15 /* hasher.h in Headers */,
				A153D1161CCC71F500000A15 /* posixpluginloader.h in Headers */,
				A18F4D551CD442F600C755FA /* tobjecttype.h in Headers */,
				A1BCB64B1D2B5ADC0082BB87 /* basicelements.h in Headers */,
				A153D10C1CCC71F500000A15 /* testsuite.h in Headers */,
				A153D1251CCD89D200000A15 /* proc.h in Headers */,
				A1256C8D1DFE1CC500AE4700 /* platform-linux.h in Headers */,
				A153D0DF1CCC71F500000A15 /* producttype.h in Headers */,
				A153D0EF1CCC71F500000A15 /* tobjecttree.h in Headers */,
				A153D1081CCC71F500000A15 /* stringproducer.h in Headers */,
				A1122F211D23784E000FA862 /* element.h in Headers */,
				A153D1291CD05F8400000A15 /* entity.h in Headers */,
				A153D10A1CCC71F500000A15 /* testcase.h in Headers */,
				A153D0E41CCC71F500000A15 /* serialize.h in Headers */,
			);
			runOnlyForDeploymentPostprocessing = 0;
		};
/* End PBXHeadersBuildPhase section */

/* Begin PBXNativeTarget section */
		A1D59B621C3D7DE100BE6298 /* libaft */ = {
			isa = PBXNativeTarget;
			buildConfigurationList = A1D59B6E1C3D7DE100BE6298 /* Build configuration list for PBXNativeTarget "libaft" */;
			buildPhases = (
				A1D59B5F1C3D7DE100BE6298 /* Sources */,
				A1D59B601C3D7DE100BE6298 /* Frameworks */,
				A1D59B611C3D7DE100BE6298 /* Headers */,
			);
			buildRules = (
			);
			dependencies = (
			);
			name = libaft;
			productName = libaft;
			productReference = A1D59B631C3D7DE100BE6298 /* libaft.a */;
			productType = "com.apple.product-type.library.static";
		};
/* End PBXNativeTarget section */

/* Begin PBXProject section */
		A1D59B5B1C3D7DE100BE6298 /* Project object */ = {
			isa = PBXProject;
			attributes = {
				LastUpgradeCheck = 0720;
				ORGANIZATIONNAME = "Andy Warner";
				TargetAttributes = {
					A1D59B621C3D7DE100BE6298 = {
						CreatedOnToolsVersion = 7.2;
					};
				};
			};
			buildConfigurationList = A1D59B5E1C3D7DE100BE6298 /* Build configuration list for PBXProject "libaft" */;
			compatibilityVersion = "Xcode 3.2";
			developmentRegion = English;
			hasScannedForEncodings = 0;
			knownRegions = (
				en,
			);
			mainGroup = A1D59B5A1C3D7DE100BE6298;
			productRefGroup = A1D59B641C3D7DE100BE6298 /* Products */;
			projectDirPath = "";
			projectRoot = "";
			targets = (
				A1D59B621C3D7DE100BE6298 /* libaft */,
			);
		};
/* End PBXProject section */

/* Begin PBXSourcesBuildPhase section */
		A1D59B5F1C3D7DE100BE6298 /* Sources */ = {
			isa = PBXSourcesBuildPhase;
			buildActionMask = 2147483647;
			files = (
				A153D1051CCC71F500000A15 /* stringconsumer.cpp in Sources */,
				A172903D1EB44909001454A0 /* dumbttyelementdelegate.cpp in Sources */,
				A153D0F61CCC71F500000A15 /* commandcontext.cpp in Sources */,
				A153D1011CCC71F500000A15 /* queueproc.cpp in Sources */,
				A153D0FE1CCC71F500000A15 /* loghandler.cpp in Sources */,
				A153D1241CCD89D200000A15 /* proc.cpp in Sources */,
				A153D11C1CCC71F500000A15 /* t_coretests.cpp in Sources */,
				A153D11F1CCC71F500000A15 /* t_plugin.cpp in Sources */,
				A13C2DB71EB042B20016E9B3 /* dumbttyuidelegate.cpp in Sources */,
				A122FCBF1F4A317B004C2610 /* cocoaelementdelegate.cpp in Sources */,
				A153D0FA1CCC71F500000A15 /* fileproducer.cpp in Sources */,
				A122FCC11F4A317B004C2610 /* cocoauidelegate.cpp in Sources */,
				A18F4D541CD442F600C755FA /* tobjecttype.cpp in Sources */,
				A1F2AFBC1D036BD5009FE595 /* ui.cpp in Sources */,
				A153D0DD1CCC71F500000A15 /* producer.cpp in Sources */,
				A153D0ED1CCC71F500000A15 /* tobjectiterator.cpp in Sources */,
				A153D0F41CCC71F500000A15 /* basicfactory.cpp in Sources */,
				A1CC710C1E86E29500BD0946 /* t_uiblocking.cpp in Sources */,
				A153D0D11CCC71F500000A15 /* context.cpp in Sources */,
				A13FE0AE1F5CFDFE002F2E80 /* uiaftbridge.mm in Sources */,
				A153D1091CCC71F500000A15 /* testcase.cpp in Sources */,
				A1256C961DFE349300AE4700 /* nativethread.cpp in Sources */,
				A153D1201CCC71F500000A15 /* t_result.cpp in Sources */,
				A1BCB6461D2B586E0082BB87 /* uicommand.cpp in Sources */,
				A1BCB64A1D2B5ADC0082BB87 /* basicelements.cpp in Sources */,
				A1122F201D23784E000FA862 /* element.cpp in Sources */,
				A14651911E919FC200C5BF04 /* uirequest.cpp in Sources */,
				A153D0E51CCC71F500000A15 /* structureddata.cpp in Sources */,
				A153D0E71CCC71F500000A15 /* thread.cpp in Sources */,
				A153D10B1CCC71F500000A15 /* testsuite.cpp in Sources */,
				A153D0E21CCC71F500000A15 /* result.cpp in Sources */,
				A153D0EB1CCC71F500000A15 /* tobject.cpp in Sources */,
				A153D1031CCC71F500000A15 /* runcontext.cpp in Sources */,
				A1230D121EEE246C0003D133 /* elementhandle.cpp in Sources */,
				A15745771E1AF6FF00265D4D /* t_ui.cpp in Sources */,
				A153D0CD1CCC71F500000A15 /* command.cpp in Sources */,
				A16390841D03D75800036620 /* structureddataname.cpp in Sources */,
				A19725341E2B3188006389B0 /* uifacet.cpp in Sources */,
				A153D1281CD05F8400000A15 /* entity.cpp in Sources */,
				A128D77C1FBBD1FE0096C7CC /* cocoatextentry.m in Sources */,
				A153D11E1CCC71F500000A15 /* t_osdep.cpp in Sources */,
				A153D11B1CCC71F500000A15 /* t_basetests.cpp in Sources */,
				A153D0DB1CCC71F500000A15 /* plugin.cpp in Sources */,
				A153D1071CCC71F500000A15 /* stringproducer.cpp in Sources */,
				A16390811D038A2A00036620 /* tobasictypes.cpp in Sources */,
				A11A6B581E4FF15C000D7A4B /* elementdelegate.cpp in Sources */,
				A1F9919A1CF1488A00EF3D66 /* tobjecttree.cpp in Sources */,
				A1CC710E1E86EEB000BD0946 /* uidelegate.cpp in Sources */,
				A153D0D51CCC71F500000A15 /* hasher.cpp in Sources */,
				A153D0D31CCC71F500000A15 /* factory.cpp in Sources */,
				A153D0CA1CCC71F500000A15 /* blob.cpp in Sources */,
				A153D1151CCC71F500000A15 /* posixpluginloader.cpp in Sources */,
				A13CF6E91D1705590038665F /* operation.cpp in Sources */,
				A153D10F1CCC71F500000A15 /* jsoncpp.cpp in Sources */,
				A153D0E01CCC71F500000A15 /* propertyhandler.cpp in Sources */,
				A153D0F81CCC71F500000A15 /* fileconsumer.cpp in Sources */,
				A153D11D1CCC71F500000A15 /* t_logger.cpp in Sources */,
				A153D1211CCC71F500000A15 /* t_testsuite.cpp in Sources */,
				A153D0CF1CCC71F500000A15 /* consumer.cpp in Sources */,
				A153D0FC1CCC71F500000A15 /* logger.cpp in Sources */,
				A153D0F21CCC71F500000A15 /* basiccommands.cpp in Sources */,
				A153D11A1CCC71F500000A15 /* sample_plugin.cpp in Sources */,
				A153D0D91CCC71F500000A15 /* outlet.cpp in Sources */,
				A122FCB91F4A2DA3004C2610 /* osx-cocoa.cpp in Sources */,
			);
			runOnlyForDeploymentPostprocessing = 0;
		};
/* End PBXSourcesBuildPhase section */

/* Begin XCBuildConfiguration section */
		A1D59B6C1C3D7DE100BE6298 /* Debug */ = {
			isa = XCBuildConfiguration;
			buildSettings = {
				ALWAYS_SEARCH_USER_PATHS = NO;
				CLANG_CXX_LANGUAGE_STANDARD = "gnu++14";
				CLANG_CXX_LIBRARY = "compiler-default";
				CLANG_ENABLE_MODULES = YES;
				CLANG_ENABLE_OBJC_ARC = YES;
				CLANG_WARN_BOOL_CONVERSION = YES;
				CLANG_WARN_CONSTANT_CONVERSION = YES;
				CLANG_WARN_DIRECT_OBJC_ISA_USAGE = YES_ERROR;
				CLANG_WARN_EMPTY_BODY = YES;
				CLANG_WARN_ENUM_CONVERSION = YES;
				CLANG_WARN_INT_CONVERSION = YES;
				CLANG_WARN_OBJC_ROOT_CLASS = YES_ERROR;
				CLANG_WARN_UNREACHABLE_CODE = YES;
				CLANG_WARN__DUPLICATE_METHOD_MATCH = YES;
				CODE_SIGN_IDENTITY = "-";
				COPY_PHASE_STRIP = NO;
				DEBUG_INFORMATION_FORMAT = dwarf;
				ENABLE_STRICT_OBJC_MSGSEND = YES;
				ENABLE_TESTABILITY = YES;
				GCC_C_LANGUAGE_STANDARD = gnu99;
				GCC_DYNAMIC_NO_PIC = NO;
				GCC_NO_COMMON_BLOCKS = YES;
				GCC_OPTIMIZATION_LEVEL = 0;
				GCC_PREPROCESSOR_DEFINITIONS = (
					"DEBUG=1",
					"$(inherited)",
				);
				GCC_WARN_64_TO_32_BIT_CONVERSION = YES;
				GCC_WARN_ABOUT_RETURN_TYPE = YES_ERROR;
				GCC_WARN_UNDECLARED_SELECTOR = YES;
				GCC_WARN_UNINITIALIZED_AUTOS = YES_AGGRESSIVE;
				GCC_WARN_UNUSED_FUNCTION = YES;
				GCC_WARN_UNUSED_VARIABLE = YES;
				HEADER_SEARCH_PATHS = /opt/local/include;
				LIBRARY_SEARCH_PATHS = /opt/local/lib;
				MACOSX_DEPLOYMENT_TARGET = 10.11;
				MTL_ENABLE_DEBUG_INFO = YES;
				ONLY_ACTIVE_ARCH = YES;
				SDKROOT = macosx;
			};
			name = Debug;
		};
		A1D59B6D1C3D7DE100BE6298 /* Release */ = {
			isa = XCBuildConfiguration;
			buildSettings = {
				ALWAYS_SEARCH_USER_PATHS = NO;
				CLANG_CXX_LANGUAGE_STANDARD = "gnu++14";
				CLANG_CXX_LIBRARY = "compiler-default";
				CLANG_ENABLE_MODULES = YES;
				CLANG_ENABLE_OBJC_ARC = YES;
				CLANG_WARN_BOOL_CONVERSION = YES;
				CLANG_WARN_CONSTANT_CONVERSION = YES;
				CLANG_WARN_DIRECT_OBJC_ISA_USAGE = YES_ERROR;
				CLANG_WARN_EMPTY_BODY = YES;
				CLANG_WARN_ENUM_CONVERSION = YES;
				CLANG_WARN_INT_CONVERSION = YES;
				CLANG_WARN_OBJC_ROOT_CLASS = YES_ERROR;
				CLANG_WARN_UNREACHABLE_CODE = YES;
				CLANG_WARN__DUPLICATE_METHOD_MATCH = YES;
				CODE_SIGN_IDENTITY = "-";
				COPY_PHASE_STRIP = NO;
				DEBUG_INFORMATION_FORMAT = "dwarf-with-dsym";
				ENABLE_NS_ASSERTIONS = NO;
				ENABLE_STRICT_OBJC_MSGSEND = YES;
				GCC_C_LANGUAGE_STANDARD = gnu99;
				GCC_NO_COMMON_BLOCKS = YES;
				GCC_WARN_64_TO_32_BIT_CONVERSION = YES;
				GCC_WARN_ABOUT_RETURN_TYPE = YES_ERROR;
				GCC_WARN_UNDECLARED_SELECTOR = YES;
				GCC_WARN_UNINITIALIZED_AUTOS = YES_AGGRESSIVE;
				GCC_WARN_UNUSED_FUNCTION = YES;
				GCC_WARN_UNUSED_VARIABLE = YES;
				HEADER_SEARCH_PATHS = /opt/local/include;
				LIBRARY_SEARCH_PATHS = /opt/local/lib;
				MACOSX_DEPLOYMENT_TARGET = 10.11;
				MTL_ENABLE_DEBUG_INFO = NO;
				SDKROOT = macosx;
			};
			name = Release;
		};
		A1D59B6F1C3D7DE100BE6298 /* Debug */ = {
			isa = XCBuildConfiguration;
			buildSettings = {
				EXECUTABLE_PREFIX = "";
				GCC_ENABLE_CPP_EXCEPTIONS = YES;
				GCC_ENABLE_CPP_RTTI = YES;
				HEADER_SEARCH_PATHS = (
					$PROJECT_DIR/../../src,
					/opt/local/include,
				);
				PRODUCT_NAME = "$(TARGET_NAME)";
			};
			name = Debug;
		};
		A1D59B701C3D7DE100BE6298 /* Release */ = {
			isa = XCBuildConfiguration;
			buildSettings = {
				EXECUTABLE_PREFIX = "";
				GCC_ENABLE_CPP_EXCEPTIONS = YES;
				GCC_ENABLE_CPP_RTTI = YES;
				HEADER_SEARCH_PATHS = (
					$PROJECT_DIR/../../src,
					/opt/local/include,
				);
				PRODUCT_NAME = "$(TARGET_NAME)";
			};
			name = Release;
		};
/* End XCBuildConfiguration section */

/* Begin XCConfigurationList section */
		A1D59B5E1C3D7DE100BE6298 /* Build configuration list for PBXProject "libaft" */ = {
			isa = XCConfigurationList;
			buildConfigurations = (
				A1D59B6C1C3D7DE100BE6298 /* Debug */,
				A1D59B6D1C3D7DE100BE6298 /* Release */,
			);
			defaultConfigurationIsVisible = 0;
			defaultConfigurationName = Release;
		};
		A1D59B6E1C3D7DE100BE6298 /* Build configuration list for PBXNativeTarget "libaft" */ = {
			isa = XCConfigurationList;
			buildConfigurations = (
				A1D59B6F1C3D7DE100BE6298 /* Debug */,
				A1D59B701C3D7DE100BE6298 /* Release */,
			);
			defaultConfigurationIsVisible = 0;
			defaultConfigurationName = Release;
		};
/* End XCConfigurationList section */
	};
	rootObject = A1D59B5B1C3D7DE100BE6298 /* Project object */;
}
