// !$*UTF8*$!
{
	archiveVersion = 1;
	classes = {
	};
	objectVersion = 46;
	objects = {

/* Begin PBXBuildFile section */
		A140EA831FF1D6820021B814 /* libaft.a in Frameworks */ = {isa = PBXBuildFile; fileRef = A1F763861C41BE31009A5873 /* libaft.a */; };
		A140EA891FF1D6D30021B814 /* sc_outlets.cpp in Sources */ = {isa = PBXBuildFile; fileRef = A140EA7E1FF1C9D70021B814 /* sc_outlets.cpp */; };
		A1F763851C41BD34009A5873 /* sc_testcase.cpp in Sources */ = {isa = PBXBuildFile; fileRef = A1F763801C41BD16009A5873 /* sc_testcase.cpp */; };
		A1F763871C41BE31009A5873 /* libaft.a in Frameworks */ = {isa = PBXBuildFile; fileRef = A1F763861C41BE31009A5873 /* libaft.a */; };
/* End PBXBuildFile section */

/* Begin PBXCopyFilesBuildPhase section */
		A140EA841FF1D6820021B814 /* CopyFiles */ = {
			isa = PBXCopyFilesBuildPhase;
			buildActionMask = 2147483647;
			dstPath = /usr/share/man/man1/;
			dstSubfolderSpec = 0;
			files = (
			);
			runOnlyForDeploymentPostprocessing = 1;
		};
		A1F763771C41BC97009A5873 /* CopyFiles */ = {
			isa = PBXCopyFilesBuildPhase;
			buildActionMask = 2147483647;
			dstPath = /usr/share/man/man1/;
			dstSubfolderSpec = 0;
			files = (
			);
			runOnlyForDeploymentPostprocessing = 1;
		};
/* End PBXCopyFilesBuildPhase section */

/* Begin PBXFileReference section */
		A140EA7E1FF1C9D70021B814 /* sc_outlets.cpp */ = {isa = PBXFileReference; lastKnownFileType = sourcecode.cpp.cpp; name = sc_outlets.cpp; path = ../../../examples/sc_outlets.cpp; sourceTree = "<group>"; };
		A140EA881FF1D6820021B814 /* sc_outlets */ = {isa = PBXFileReference; explicitFileType = "compiled.mach-o.executable"; includeInIndex = 0; path = sc_outlets; sourceTree = BUILT_PRODUCTS_DIR; };
		A1F763791C41BC97009A5873 /* sc_testcase */ = {isa = PBXFileReference; explicitFileType = "compiled.mach-o.executable"; includeInIndex = 0; path = sc_testcase; sourceTree = BUILT_PRODUCTS_DIR; };
		A1F763801C41BD16009A5873 /* sc_testcase.cpp */ = {isa = PBXFileReference; lastKnownFileType = sourcecode.cpp.cpp; name = sc_testcase.cpp; path = ../../../examples/sc_testcase.cpp; sourceTree = "<group>"; };
		A1F763861C41BE31009A5873 /* libaft.a */ = {isa = PBXFileReference; lastKnownFileType = archive.ar; name = libaft.a; path = ../../Build/Products/Debug/libaft.a; sourceTree = "<group>"; };
/* End PBXFileReference section */

/* Begin PBXFrameworksBuildPhase section */
		A140EA821FF1D6820021B814 /* Frameworks */ = {
			isa = PBXFrameworksBuildPhase;
			buildActionMask = 2147483647;
			files = (
				A140EA831FF1D6820021B814 /* libaft.a in Frameworks */,
			);
			runOnlyForDeploymentPostprocessing = 0;
		};
		A1F763761C41BC97009A5873 /* Frameworks */ = {
			isa = PBXFrameworksBuildPhase;
			buildActionMask = 2147483647;
			files = (
				A1F763871C41BE31009A5873 /* libaft.a in Frameworks */,
			);
			runOnlyForDeploymentPostprocessing = 0;
		};
/* End PBXFrameworksBuildPhase section */

/* Begin PBXGroup section */
		A1F763501C41BB29009A5873 = {
			isa = PBXGroup;
			children = (
				A1F763861C41BE31009A5873 /* libaft.a */,
				A140EA7E1FF1C9D70021B814 /* sc_outlets.cpp */,
				A1F763801C41BD16009A5873 /* sc_testcase.cpp */,
				A1F7635A1C41BB29009A5873 /* Products */,
			);
			sourceTree = "<group>";
		};
		A1F7635A1C41BB29009A5873 /* Products */ = {
			isa = PBXGroup;
			children = (
				A1F763791C41BC97009A5873 /* sc_testcase */,
				A140EA881FF1D6820021B814 /* sc_outlets */,
			);
			name = Products;
			sourceTree = "<group>";
		};
/* End PBXGroup section */

/* Begin PBXNativeTarget section */
		A140EA7F1FF1D6820021B814 /* sc_outlets */ = {
			isa = PBXNativeTarget;
			buildConfigurationList = A140EA851FF1D6820021B814 /* Build configuration list for PBXNativeTarget "sc_outlets" */;
			buildPhases = (
				A140EA801FF1D6820021B814 /* Sources */,
				A140EA821FF1D6820021B814 /* Frameworks */,
				A140EA841FF1D6820021B814 /* CopyFiles */,
			);
			buildRules = (
			);
			dependencies = (
			);
			name = sc_outlets;
			productName = sc_testcase;
			productReference = A140EA881FF1D6820021B814 /* sc_outlets */;
			productType = "com.apple.product-type.tool";
		};
		A1F763781C41BC97009A5873 /* sc_testcase */ = {
			isa = PBXNativeTarget;
			buildConfigurationList = A1F7637D1C41BC97009A5873 /* Build configuration list for PBXNativeTarget "sc_testcase" */;
			buildPhases = (
				A1F763751C41BC97009A5873 /* Sources */,
				A1F763761C41BC97009A5873 /* Frameworks */,
				A1F763771C41BC97009A5873 /* CopyFiles */,
			);
			buildRules = (
			);
			dependencies = (
			);
			name = sc_testcase;
			productName = sc_testcase;
			productReference = A1F763791C41BC97009A5873 /* sc_testcase */;
			productType = "com.apple.product-type.tool";
		};
/* End PBXNativeTarget section */

/* Begin PBXProject section */
		A1F763511C41BB29009A5873 /* Project object */ = {
			isa = PBXProject;
			attributes = {
				LastUpgradeCheck = 0720;
				ORGANIZATIONNAME = "Andy Warner";
				TargetAttributes = {
					A1F763781C41BC97009A5873 = {
						CreatedOnToolsVersion = 7.2;
					};
				};
			};
			buildConfigurationList = A1F763541C41BB29009A5873 /* Build configuration list for PBXProject "examples" */;
			compatibilityVersion = "Xcode 3.2";
			developmentRegion = English;
			hasScannedForEncodings = 0;
			knownRegions = (
				en,
			);
			mainGroup = A1F763501C41BB29009A5873;
			productRefGroup = A1F7635A1C41BB29009A5873 /* Products */;
			projectDirPath = "";
			projectRoot = "";
			targets = (
				A1F763781C41BC97009A5873 /* sc_testcase */,
				A140EA7F1FF1D6820021B814 /* sc_outlets */,
			);
		};
/* End PBXProject section */

/* Begin PBXSourcesBuildPhase section */
		A140EA801FF1D6820021B814 /* Sources */ = {
			isa = PBXSourcesBuildPhase;
			buildActionMask = 2147483647;
			files = (
				A140EA891FF1D6D30021B814 /* sc_outlets.cpp in Sources */,
			);
			runOnlyForDeploymentPostprocessing = 0;
		};
		A1F763751C41BC97009A5873 /* Sources */ = {
			isa = PBXSourcesBuildPhase;
			buildActionMask = 2147483647;
			files = (
				A1F763851C41BD34009A5873 /* sc_testcase.cpp in Sources */,
			);
			runOnlyForDeploymentPostprocessing = 0;
		};
/* End PBXSourcesBuildPhase section */

/* Begin XCBuildConfiguration section */
		A140EA861FF1D6820021B814 /* Debug */ = {
			isa = XCBuildConfiguration;
			buildSettings = {
				HEADER_SEARCH_PATHS = $PROJECT_DIR/../../../src;
				PRODUCT_NAME = "$(TARGET_NAME)";
			};
			name = Debug;
		};
		A140EA871FF1D6820021B814 /* Release */ = {
			isa = XCBuildConfiguration;
			buildSettings = {
				HEADER_SEARCH_PATHS = $PROJECT_DIR/../../../src;
				PRODUCT_NAME = "$(TARGET_NAME)";
			};
			name = Release;
		};
		A1F7635E1C41BB29009A5873 /* Debug */ = {
			isa = XCBuildConfiguration;
			buildSettings = {
				ALWAYS_SEARCH_USER_PATHS = NO;
				CLANG_CXX_LANGUAGE_STANDARD = "gnu++0x";
				CLANG_CXX_LIBRARY = "libc++";
				CLANG_ENABLE_MODULES = YES;
				CLANG_ENABLE_OBJC_ARC = YES;
				CLANG_WARN_BOOL_CONVERSION = YES;
				CLANG_WARN_CONSTANT_CONVERSION = YES;
				CLANG_WARN_DIRECT_OBJC_ISA_USAGE = YES_ERROR;
				CLANG_WARN_EMPTY_BODY = YES;
				CLANG_WARN_ENUM_CONVERSION = YES;
				CLANG_WARN_INT_CONVERSION = YES;
				CLANG_WARN_OBJC_ROOT_CLASS = YES_ERROR;
				CLANG_WARN_UNREACHABLE_CODE = YES;
				CLANG_WARN__DUPLICATE_METHOD_MATCH = YES;
				CODE_SIGN_IDENTITY = "-";
				COPY_PHASE_STRIP = NO;
				DEBUG_INFORMATION_FORMAT = dwarf;
				ENABLE_STRICT_OBJC_MSGSEND = YES;
				ENABLE_TESTABILITY = YES;
				GCC_C_LANGUAGE_STANDARD = gnu99;
				GCC_DYNAMIC_NO_PIC = NO;
				GCC_NO_COMMON_BLOCKS = YES;
				GCC_OPTIMIZATION_LEVEL = 0;
				GCC_PREPROCESSOR_DEFINITIONS = (
					"DEBUG=1",
					"$(inherited)",
				);
				GCC_WARN_64_TO_32_BIT_CONVERSION = YES;
				GCC_WARN_ABOUT_RETURN_TYPE = YES_ERROR;
				GCC_WARN_UNDECLARED_SELECTOR = YES;
				GCC_WARN_UNINITIALIZED_AUTOS = YES_AGGRESSIVE;
				GCC_WARN_UNUSED_FUNCTION = YES;
				GCC_WARN_UNUSED_VARIABLE = YES;
				MACOSX_DEPLOYMENT_TARGET = 10.11;
				MTL_ENABLE_DEBUG_INFO = YES;
				ONLY_ACTIVE_ARCH = YES;
				SDKROOT = macosx;
			};
			name = Debug;
		};
		A1F7635F1C41BB29009A5873 /* Release */ = {
			isa = XCBuildConfiguration;
			buildSettings = {
				ALWAYS_SEARCH_USER_PATHS = NO;
				CLANG_CXX_LANGUAGE_STANDARD = "gnu++0x";
				CLANG_CXX_LIBRARY = "libc++";
				CLANG_ENABLE_MODULES = YES;
				CLANG_ENABLE_OBJC_ARC = YES;
				CLANG_WARN_BOOL_CONVERSION = YES;
				CLANG_WARN_CONSTANT_CONVERSION = YES;
				CLANG_WARN_DIRECT_OBJC_ISA_USAGE = YES_ERROR;
				CLANG_WARN_EMPTY_BODY = YES;
				CLANG_WARN_ENUM_CONVERSION = YES;
				CLANG_WARN_INT_CONVERSION = YES;
				CLANG_WARN_OBJC_ROOT_CLASS = YES_ERROR;
				CLANG_WARN_UNREACHABLE_CODE = YES;
				CLANG_WARN__DUPLICATE_METHOD_MATCH = YES;
				CODE_SIGN_IDENTITY = "-";
				COPY_PHASE_STRIP = NO;
				DEBUG_INFORMATION_FORMAT = "dwarf-with-dsym";
				ENABLE_NS_ASSERTIONS = NO;
				ENABLE_STRICT_OBJC_MSGSEND = YES;
				GCC_C_LANGUAGE_STANDARD = gnu99;
				GCC_NO_COMMON_BLOCKS = YES;
				GCC_WARN_64_TO_32_BIT_CONVERSION = YES;
				GCC_WARN_ABOUT_RETURN_TYPE = YES_ERROR;
				GCC_WARN_UNDECLARED_SELECTOR = YES;
				GCC_WARN_UNINITIALIZED_AUTOS = YES_AGGRESSIVE;
				GCC_WARN_UNUSED_FUNCTION = YES;
				GCC_WARN_UNUSED_VARIABLE = YES;
				MACOSX_DEPLOYMENT_TARGET = 10.11;
				MTL_ENABLE_DEBUG_INFO = NO;
				SDKROOT = macosx;
			};
			name = Release;
		};
		A1F7637E1C41BC97009A5873 /* Debug */ = {
			isa = XCBuildConfiguration;
			buildSettings = {
				HEADER_SEARCH_PATHS = $PROJECT_DIR/../../../src;
				PRODUCT_NAME = "$(TARGET_NAME)";
			};
			name = Debug;
		};
		A1F7637F1C41BC97009A5873 /* Release */ = {
			isa = XCBuildConfiguration;
			buildSettings = {
				HEADER_SEARCH_PATHS = $PROJECT_DIR/../../../src;
				PRODUCT_NAME = "$(TARGET_NAME)";
			};
			name = Release;
		};
/* End XCBuildConfiguration section */

/* Begin XCConfigurationList section */
		A140EA851FF1D6820021B814 /* Build configuration list for PBXNativeTarget "sc_outlets" */ = {
			isa = XCConfigurationList;
			buildConfigurations = (
				A140EA861FF1D6820021B814 /* Debug */,
				A140EA871FF1D6820021B814 /* Release */,
			);
			defaultConfigurationIsVisible = 0;
			defaultConfigurationName = Release;
		};
		A1F763541C41BB29009A5873 /* Build configuration list for PBXProject "examples" */ = {
			isa = XCConfigurationList;
			buildConfigurations = (
				A1F7635E1C41BB29009A5873 /* Debug */,
				A1F7635F1C41BB29009A5873 /* Release */,
			);
			defaultConfigurationIsVisible = 0;
			defaultConfigurationName = Release;
		};
		A1F7637D1C41BC97009A5873 /* Build configuration list for PBXNativeTarget "sc_testcase" */ = {
			isa = XCConfigurationList;
			buildConfigurations = (
				A1F7637E1C41BC97009A5873 /* Debug */,
				A1F7637F1C41BC97009A5873 /* Release */,
			);
			defaultConfigurationIsVisible = 0;
			defaultConfigurationName = Release;
		};
/* End XCConfigurationList section */
	};
	rootObject = A1F763511C41BB29009A5873 /* Project object */;
}
